{
  "object": {
    "pins": [
      {
        "package": "HeinHelpers",
        "repositoryURL": "https://github.com/marchein/HeinHelpers.git",
        "state": {
          "branch": null,
          "revision": "e567965a5824662b89a3ed2deb6cd36b5fc96f92",
          "version": "1.0.0"
        }
      }
    ]
  },
  "version": 1
}
