// !$*UTF8*$!
{
	archiveVersion = 1;
	classes = {
	};
	objectVersion = 52;
	objects = {

/* Begin PBXBuildFile section */
		5B06EFA22382CC5C0020FF0E /* MensaDatabase.swift in Sources */ = {isa = PBXBuildFile; fileRef = 5B06EFA12382CC5C0020FF0E /* MensaDatabase.swift */; };
		5B06EFA42382CC6C0020FF0E /* HistoryItem.swift in Sources */ = {isa = PBXBuildFile; fileRef = 5B06EFA32382CC6C0020FF0E /* HistoryItem.swift */; };
		5B06EFA62382CCA10020FF0E /* MensacardViewController+NFC.swift in Sources */ = {isa = PBXBuildFile; fileRef = 5B06EFA52382CCA10020FF0E /* MensacardViewController+NFC.swift */; };
		5B06EFA82382CF000020FF0E /* Double+Rounding.swift in Sources */ = {isa = PBXBuildFile; fileRef = 5B06EFA72382CF000020FF0E /* Double+Rounding.swift */; };
		5B06EFAA2382CF170020FF0E /* Data+HexEnconding.swift in Sources */ = {isa = PBXBuildFile; fileRef = 5B06EFA92382CF170020FF0E /* Data+HexEnconding.swift */; };
		5B06EFAD2382EE640020FF0E /* Localizable.strings in Resources */ = {isa = PBXBuildFile; fileRef = 5B06EFAF2382EE640020FF0E /* Localizable.strings */; };
		5B09BB3F23705A37004E1981 /* UIView+Effects.swift in Sources */ = {isa = PBXBuildFile; fileRef = 5B09BB3923705A37004E1981 /* UIView+Effects.swift */; };
		5B09BB4023705A37004E1981 /* UserDefaults+Helper.swift in Sources */ = {isa = PBXBuildFile; fileRef = 5B09BB3A23705A37004E1981 /* UserDefaults+Helper.swift */; };
		5B09BB4123705A37004E1981 /* Bundle+Icon.swift in Sources */ = {isa = PBXBuildFile; fileRef = 5B09BB3B23705A37004E1981 /* Bundle+Icon.swift */; };
		5B09BB4323705A37004E1981 /* SKProduct+LocalizedPrice.swift in Sources */ = {isa = PBXBuildFile; fileRef = 5B09BB3D23705A37004E1981 /* SKProduct+LocalizedPrice.swift */; };
		5B09BB4423705A37004E1981 /* Date+Helpers.swift in Sources */ = {isa = PBXBuildFile; fileRef = 5B09BB3E23705A37004E1981 /* Date+Helpers.swift */; };
		5B0AE9C123887786005C22A7 /* ImageViewCell.swift in Sources */ = {isa = PBXBuildFile; fileRef = 5B0AE9C023887786005C22A7 /* ImageViewCell.swift */; };
		5B0B1AE52643154D0081E4A2 /* MensacardViewController.swift in Sources */ = {isa = PBXBuildFile; fileRef = 5B0B1AE42643154D0081E4A2 /* MensacardViewController.swift */; };
		5B0B1AE7264321740081E4A2 /* UIColor+LigherDarker.swift in Sources */ = {isa = PBXBuildFile; fileRef = 5B0B1AE6264321740081E4A2 /* UIColor+LigherDarker.swift */; };
		5B12E9DD264BC041002B78FE /* TipTableViewCell.swift in Sources */ = {isa = PBXBuildFile; fileRef = 5B12E9DC264BC041002B78FE /* TipTableViewCell.swift */; };
		5B18702F235A403E00EF54DF /* MainTableViewController.swift in Sources */ = {isa = PBXBuildFile; fileRef = 5B18702E235A403E00EF54DF /* MainTableViewController.swift */; };
		5B187034235A40E200EF54DF /* MainTableViewController+TableView.swift in Sources */ = {isa = PBXBuildFile; fileRef = 5B187033235A40E200EF54DF /* MainTableViewController+TableView.swift */; };
		5B1C9D1425321F8600F75E3C /* HeinHelpers in Frameworks */ = {isa = PBXBuildFile; productRef = 5B1C9D1325321F8600F75E3C /* HeinHelpers */; };
		5B277275235D033500E3894B /* Data.swift in Sources */ = {isa = PBXBuildFile; fileRef = 5B277274235D033500E3894B /* Data.swift */; };
		5B277278235D0B1900E3894B /* DetailTableViewController.swift in Sources */ = {isa = PBXBuildFile; fileRef = 5B277277235D0B1900E3894B /* DetailTableViewController.swift */; };
		5B27727A235D0B2900E3894B /* DetailTableViewController+TableView.swift in Sources */ = {isa = PBXBuildFile; fileRef = 5B277279235D0B2900E3894B /* DetailTableViewController+TableView.swift */; };
		5B342F012406E1D300718C95 /* MensaXML.swift in Sources */ = {isa = PBXBuildFile; fileRef = 5B342F002406E1D300718C95 /* MensaXML.swift */; };
		5B458AE2235A3D7D0027CAE1 /* AppDelegate.swift in Sources */ = {isa = PBXBuildFile; fileRef = 5B458AE1235A3D7D0027CAE1 /* AppDelegate.swift */; };
		5B458AE9235A3D7D0027CAE1 /* Main.storyboard in Resources */ = {isa = PBXBuildFile; fileRef = 5B458AE7235A3D7D0027CAE1 /* Main.storyboard */; };
		5B458AEB235A3D7E0027CAE1 /* Assets.xcassets in Resources */ = {isa = PBXBuildFile; fileRef = 5B458AEA235A3D7E0027CAE1 /* Assets.xcassets */; };
		5B458AEE235A3D7E0027CAE1 /* LaunchScreen.storyboard in Resources */ = {isa = PBXBuildFile; fileRef = 5B458AEC235A3D7E0027CAE1 /* LaunchScreen.storyboard */; };
		5B492103264528EA0088239C /* Settings+TipJar.storyboard in Resources */ = {isa = PBXBuildFile; fileRef = 5B492102264528EA0088239C /* Settings+TipJar.storyboard */; };
		5B5C8EBC235E5E7700C29E62 /* SettingsTableViewController+SendSupportMail.swift in Sources */ = {isa = PBXBuildFile; fileRef = 5B5C8EBB235E5E7700C29E62 /* SettingsTableViewController+SendSupportMail.swift */; };
		5B5C8EBE235E5EDF00C29E62 /* UIViewController+SafariActions.swift in Sources */ = {isa = PBXBuildFile; fileRef = 5B5C8EBD235E5EDF00C29E62 /* UIViewController+SafariActions.swift */; };
		5B5C8EC3235F2DA500C29E62 /* UIImageView+Download.swift in Sources */ = {isa = PBXBuildFile; fileRef = 5B5C8EC2235F2DA500C29E62 /* UIImageView+Download.swift */; };
		5B629D18238A846400E39C8D /* UIStackView+removeAll.swift in Sources */ = {isa = PBXBuildFile; fileRef = 5B629D17238A846400E39C8D /* UIStackView+removeAll.swift */; };
		5B6B7F61264D5B33008B18CC /* ChartXAxisFormatter.swift in Sources */ = {isa = PBXBuildFile; fileRef = 5B6B7F60264D5B33008B18CC /* ChartXAxisFormatter.swift */; };
		5BA5CF6B26446DBB00AC939C /* TipJarTableViewController.swift in Sources */ = {isa = PBXBuildFile; fileRef = 5BA5CF6826446DBB00AC939C /* TipJarTableViewController.swift */; };
		5BA5CF6C26446DBB00AC939C /* TipJar+TableView.swift in Sources */ = {isa = PBXBuildFile; fileRef = 5BA5CF6926446DBB00AC939C /* TipJar+TableView.swift */; };
		5BA5CF6D26446DBB00AC939C /* TipJar+Transaction.swift in Sources */ = {isa = PBXBuildFile; fileRef = 5BA5CF6A26446DBB00AC939C /* TipJar+Transaction.swift */; };
		5BA5CF7326446E1700AC939C /* BorderedButton.swift in Sources */ = {isa = PBXBuildFile; fileRef = 5BA5CF7126446E1700AC939C /* BorderedButton.swift */; };
		5BA5CF7726447F9A00AC939C /* SettingsTabTableViewController.swift in Sources */ = {isa = PBXBuildFile; fileRef = 5BA5CF7626447F9A00AC939C /* SettingsTabTableViewController.swift */; };
		5BAE17572645928500180F40 /* SettingsTableViewController+Developer.swift in Sources */ = {isa = PBXBuildFile; fileRef = 5BAE17562645928500180F40 /* SettingsTableViewController+Developer.swift */; };
		5BB26D762642DE8700A18476 /* Mensacard.storyboard in Resources */ = {isa = PBXBuildFile; fileRef = 5BB26D752642DE8700A18476 /* Mensacard.storyboard */; };
		5BB26D782642E5BA00A18476 /* OpeningTableViewCell.swift in Sources */ = {isa = PBXBuildFile; fileRef = 5BB26D772642E5BA00A18476 /* OpeningTableViewCell.swift */; };
		5BB26D7E2642F3EF00A18476 /* Charts in Frameworks */ = {isa = PBXBuildFile; productRef = 5BB26D7D2642F3EF00A18476 /* Charts */; };
		5BB26D802642F54F00A18476 /* MensacardHistoryTableViewController.swift in Sources */ = {isa = PBXBuildFile; fileRef = 5BB26D7F2642F54F00A18476 /* MensacardHistoryTableViewController.swift */; };
		5BB26D832642F63400A18476 /* HistoryTableViewCell.swift in Sources */ = {isa = PBXBuildFile; fileRef = 5BB26D822642F63400A18476 /* HistoryTableViewCell.swift */; };
		5BB26D8626430E2800A18476 /* Toast in Frameworks */ = {isa = PBXBuildFile; productRef = 5BB26D8526430E2800A18476 /* Toast */; };
		5BB26D8926430E6B00A18476 /* SwiftyXMLParser in Frameworks */ = {isa = PBXBuildFile; productRef = 5BB26D8826430E6B00A18476 /* SwiftyXMLParser */; };
		5BB26D8C26430E9100A18476 /* SDWebImage in Frameworks */ = {isa = PBXBuildFile; productRef = 5BB26D8B26430E9100A18476 /* SDWebImage */; };
		5BBEA09524033759005790E9 /* DayTableViewCell.swift in Sources */ = {isa = PBXBuildFile; fileRef = 5BBEA09424033759005790E9 /* DayTableViewCell.swift */; };
		5BC2298D23FCA22300C71FC4 /* MensaContainer.swift in Sources */ = {isa = PBXBuildFile; fileRef = 5BC2298C23FCA22300C71FC4 /* MensaContainer.swift */; };
		5BC7628B237C4F260062CDD3 /* MealTableViewCell.swift in Sources */ = {isa = PBXBuildFile; fileRef = 5B27727B235D102A00E3894B /* MealTableViewCell.swift */; };
		5BC7628D237C4F910062CDD3 /* Settings.storyboard in Resources */ = {isa = PBXBuildFile; fileRef = 5BC7628C237C4F910062CDD3 /* Settings.storyboard */; };
		5BC76293237C67E40062CDD3 /* MealTableViewController.swift in Sources */ = {isa = PBXBuildFile; fileRef = 5BC76292237C67E40062CDD3 /* MealTableViewController.swift */; };
		5BE3438A24DAB89900A6524B /* SettingsMensaLocationTableViewController.swift in Sources */ = {isa = PBXBuildFile; fileRef = 5BE3438924DAB89900A6524B /* SettingsMensaLocationTableViewController.swift */; };
		5BE3438E24DADB8600A6524B /* MainTableViewController+NSToolbar.swift in Sources */ = {isa = PBXBuildFile; fileRef = 5BE3438D24DADB8600A6524B /* MainTableViewController+NSToolbar.swift */; };
		5BEA0A31235DC0BA003E3616 /* SettingsTableViewController.swift in Sources */ = {isa = PBXBuildFile; fileRef = 5BEA0A30235DC0BA003E3616 /* SettingsTableViewController.swift */; };
		5BEA0A33235DC0D0003E3616 /* SettingsTableViewController+TableView.swift in Sources */ = {isa = PBXBuildFile; fileRef = 5BEA0A32235DC0D0003E3616 /* SettingsTableViewController+TableView.swift */; };
		5BEA0A35235DCA55003E3616 /* Model.swift in Sources */ = {isa = PBXBuildFile; fileRef = 5BEA0A34235DCA55003E3616 /* Model.swift */; };
		5BEA0A38235E09AE003E3616 /* Intents.framework in Frameworks */ = {isa = PBXBuildFile; fileRef = 5BEA0A37235E09AE003E3616 /* Intents.framework */; };
/* End PBXBuildFile section */

/* Begin PBXCopyFilesBuildPhase section */
		5B20E15B24042B11001066B4 /* Embed Watch Content */ = {
			isa = PBXCopyFilesBuildPhase;
			buildActionMask = 2147483647;
			dstPath = "$(CONTENTS_FOLDER_PATH)/Watch";
			dstSubfolderSpec = 16;
			files = (
			);
			name = "Embed Watch Content";
			runOnlyForDeploymentPostprocessing = 0;
		};
/* End PBXCopyFilesBuildPhase section */

/* Begin PBXFileReference section */
		5B06EFA12382CC5C0020FF0E /* MensaDatabase.swift */ = {isa = PBXFileReference; lastKnownFileType = sourcecode.swift; path = MensaDatabase.swift; sourceTree = "<group>"; };
		5B06EFA32382CC6C0020FF0E /* HistoryItem.swift */ = {isa = PBXFileReference; lastKnownFileType = sourcecode.swift; path = HistoryItem.swift; sourceTree = "<group>"; };
		5B06EFA52382CCA10020FF0E /* MensacardViewController+NFC.swift */ = {isa = PBXFileReference; lastKnownFileType = sourcecode.swift; path = "MensacardViewController+NFC.swift"; sourceTree = "<group>"; };
		5B06EFA72382CF000020FF0E /* Double+Rounding.swift */ = {isa = PBXFileReference; lastKnownFileType = sourcecode.swift; path = "Double+Rounding.swift"; sourceTree = "<group>"; };
		5B06EFA92382CF170020FF0E /* Data+HexEnconding.swift */ = {isa = PBXFileReference; lastKnownFileType = sourcecode.swift; path = "Data+HexEnconding.swift"; sourceTree = "<group>"; };
		5B06EFAE2382EE640020FF0E /* de */ = {isa = PBXFileReference; lastKnownFileType = text.plist.strings; name = de; path = de.lproj/Localizable.strings; sourceTree = "<group>"; };
		5B09BB3923705A37004E1981 /* UIView+Effects.swift */ = {isa = PBXFileReference; fileEncoding = 4; lastKnownFileType = sourcecode.swift; path = "UIView+Effects.swift"; sourceTree = "<group>"; };
		5B09BB3A23705A37004E1981 /* UserDefaults+Helper.swift */ = {isa = PBXFileReference; fileEncoding = 4; lastKnownFileType = sourcecode.swift; path = "UserDefaults+Helper.swift"; sourceTree = "<group>"; };
		5B09BB3B23705A37004E1981 /* Bundle+Icon.swift */ = {isa = PBXFileReference; fileEncoding = 4; lastKnownFileType = sourcecode.swift; path = "Bundle+Icon.swift"; sourceTree = "<group>"; };
		5B09BB3D23705A37004E1981 /* SKProduct+LocalizedPrice.swift */ = {isa = PBXFileReference; fileEncoding = 4; lastKnownFileType = sourcecode.swift; path = "SKProduct+LocalizedPrice.swift"; sourceTree = "<group>"; };
		5B09BB3E23705A37004E1981 /* Date+Helpers.swift */ = {isa = PBXFileReference; fileEncoding = 4; lastKnownFileType = sourcecode.swift; path = "Date+Helpers.swift"; sourceTree = "<group>"; };
		5B0AE9C023887786005C22A7 /* ImageViewCell.swift */ = {isa = PBXFileReference; lastKnownFileType = sourcecode.swift; path = ImageViewCell.swift; sourceTree = "<group>"; };
		5B0B1AE42643154D0081E4A2 /* MensacardViewController.swift */ = {isa = PBXFileReference; lastKnownFileType = sourcecode.swift; path = MensacardViewController.swift; sourceTree = "<group>"; };
		5B0B1AE6264321740081E4A2 /* UIColor+LigherDarker.swift */ = {isa = PBXFileReference; lastKnownFileType = sourcecode.swift; path = "UIColor+LigherDarker.swift"; sourceTree = "<group>"; };
		5B12E9DC264BC041002B78FE /* TipTableViewCell.swift */ = {isa = PBXFileReference; lastKnownFileType = sourcecode.swift; path = TipTableViewCell.swift; sourceTree = "<group>"; };
		5B18702E235A403E00EF54DF /* MainTableViewController.swift */ = {isa = PBXFileReference; lastKnownFileType = sourcecode.swift; path = MainTableViewController.swift; sourceTree = "<group>"; };
		5B187033235A40E200EF54DF /* MainTableViewController+TableView.swift */ = {isa = PBXFileReference; lastKnownFileType = sourcecode.swift; path = "MainTableViewController+TableView.swift"; sourceTree = "<group>"; };
		5B277274235D033500E3894B /* Data.swift */ = {isa = PBXFileReference; lastKnownFileType = sourcecode.swift; path = Data.swift; sourceTree = "<group>"; };
		5B277277235D0B1900E3894B /* DetailTableViewController.swift */ = {isa = PBXFileReference; lastKnownFileType = sourcecode.swift; path = DetailTableViewController.swift; sourceTree = "<group>"; };
		5B277279235D0B2900E3894B /* DetailTableViewController+TableView.swift */ = {isa = PBXFileReference; lastKnownFileType = sourcecode.swift; path = "DetailTableViewController+TableView.swift"; sourceTree = "<group>"; };
		5B27727B235D102A00E3894B /* MealTableViewCell.swift */ = {isa = PBXFileReference; lastKnownFileType = sourcecode.swift; name = MealTableViewCell.swift; path = Mensaplan/Cells/MealTableViewCell.swift; sourceTree = SOURCE_ROOT; };
		5B2DE9EB23608B380064E3AF /* de */ = {isa = PBXFileReference; lastKnownFileType = file.storyboard; name = de; path = de.lproj/LaunchScreen.storyboard; sourceTree = "<group>"; };
		5B2DE9EC23608B380064E3AF /* de */ = {isa = PBXFileReference; lastKnownFileType = file.storyboard; name = de; path = de.lproj/Main.storyboard; sourceTree = "<group>"; };
		5B342F002406E1D300718C95 /* MensaXML.swift */ = {isa = PBXFileReference; lastKnownFileType = sourcecode.swift; path = MensaXML.swift; sourceTree = "<group>"; };
		5B458ADE235A3D7D0027CAE1 /* Mensaplan.app */ = {isa = PBXFileReference; explicitFileType = wrapper.application; includeInIndex = 0; path = Mensaplan.app; sourceTree = BUILT_PRODUCTS_DIR; };
		5B458AE1235A3D7D0027CAE1 /* AppDelegate.swift */ = {isa = PBXFileReference; lastKnownFileType = sourcecode.swift; path = AppDelegate.swift; sourceTree = "<group>"; };
		5B458AEA235A3D7E0027CAE1 /* Assets.xcassets */ = {isa = PBXFileReference; lastKnownFileType = folder.assetcatalog; path = Assets.xcassets; sourceTree = "<group>"; };
		5B458AEF235A3D7E0027CAE1 /* Info.plist */ = {isa = PBXFileReference; lastKnownFileType = text.plist.xml; path = Info.plist; sourceTree = "<group>"; };
		5B492102264528EA0088239C /* Settings+TipJar.storyboard */ = {isa = PBXFileReference; lastKnownFileType = file.storyboard; path = "Settings+TipJar.storyboard"; sourceTree = "<group>"; };
		5B5C8EBB235E5E7700C29E62 /* SettingsTableViewController+SendSupportMail.swift */ = {isa = PBXFileReference; lastKnownFileType = sourcecode.swift; path = "SettingsTableViewController+SendSupportMail.swift"; sourceTree = "<group>"; };
		5B5C8EBD235E5EDF00C29E62 /* UIViewController+SafariActions.swift */ = {isa = PBXFileReference; lastKnownFileType = sourcecode.swift; path = "UIViewController+SafariActions.swift"; sourceTree = "<group>"; };
		5B5C8EC2235F2DA500C29E62 /* UIImageView+Download.swift */ = {isa = PBXFileReference; lastKnownFileType = sourcecode.swift; path = "UIImageView+Download.swift"; sourceTree = "<group>"; };
		5B629D17238A846400E39C8D /* UIStackView+removeAll.swift */ = {isa = PBXFileReference; lastKnownFileType = sourcecode.swift; path = "UIStackView+removeAll.swift"; sourceTree = "<group>"; };
		5B6B7F60264D5B33008B18CC /* ChartXAxisFormatter.swift */ = {isa = PBXFileReference; lastKnownFileType = sourcecode.swift; path = ChartXAxisFormatter.swift; sourceTree = "<group>"; };
		5BA5CF6826446DBB00AC939C /* TipJarTableViewController.swift */ = {isa = PBXFileReference; fileEncoding = 4; lastKnownFileType = sourcecode.swift; name = TipJarTableViewController.swift; path = Mensaplan/Views/Settings/TipJar_/TipJarTableViewController.swift; sourceTree = SOURCE_ROOT; };
		5BA5CF6926446DBB00AC939C /* TipJar+TableView.swift */ = {isa = PBXFileReference; fileEncoding = 4; lastKnownFileType = sourcecode.swift; name = "TipJar+TableView.swift"; path = "Mensaplan/Views/Settings/TipJar_/TipJar+TableView.swift"; sourceTree = SOURCE_ROOT; };
		5BA5CF6A26446DBB00AC939C /* TipJar+Transaction.swift */ = {isa = PBXFileReference; fileEncoding = 4; lastKnownFileType = sourcecode.swift; name = "TipJar+Transaction.swift"; path = "Mensaplan/Views/Settings/TipJar_/TipJar+Transaction.swift"; sourceTree = SOURCE_ROOT; };
		5BA5CF7126446E1700AC939C /* BorderedButton.swift */ = {isa = PBXFileReference; fileEncoding = 4; lastKnownFileType = sourcecode.swift; path = BorderedButton.swift; sourceTree = "<group>"; };
		5BA5CF7626447F9A00AC939C /* SettingsTabTableViewController.swift */ = {isa = PBXFileReference; lastKnownFileType = sourcecode.swift; path = SettingsTabTableViewController.swift; sourceTree = "<group>"; };
		5BAE17562645928500180F40 /* SettingsTableViewController+Developer.swift */ = {isa = PBXFileReference; lastKnownFileType = sourcecode.swift; path = "SettingsTableViewController+Developer.swift"; sourceTree = "<group>"; };
		5BB26D752642DE8700A18476 /* Mensacard.storyboard */ = {isa = PBXFileReference; lastKnownFileType = file.storyboard; path = Mensacard.storyboard; sourceTree = "<group>"; };
		5BB26D772642E5BA00A18476 /* OpeningTableViewCell.swift */ = {isa = PBXFileReference; fileEncoding = 4; lastKnownFileType = sourcecode.swift; path = OpeningTableViewCell.swift; sourceTree = "<group>"; };
		5BB26D7F2642F54F00A18476 /* MensacardHistoryTableViewController.swift */ = {isa = PBXFileReference; lastKnownFileType = sourcecode.swift; path = MensacardHistoryTableViewController.swift; sourceTree = "<group>"; };
		5BB26D822642F63400A18476 /* HistoryTableViewCell.swift */ = {isa = PBXFileReference; lastKnownFileType = sourcecode.swift; path = HistoryTableViewCell.swift; sourceTree = "<group>"; };
		5BBEA09424033759005790E9 /* DayTableViewCell.swift */ = {isa = PBXFileReference; lastKnownFileType = sourcecode.swift; path = DayTableViewCell.swift; sourceTree = "<group>"; };
		5BC2298C23FCA22300C71FC4 /* MensaContainer.swift */ = {isa = PBXFileReference; lastKnownFileType = sourcecode.swift; path = MensaContainer.swift; sourceTree = "<group>"; };
		5BC7628C237C4F910062CDD3 /* Settings.storyboard */ = {isa = PBXFileReference; lastKnownFileType = file.storyboard; path = Settings.storyboard; sourceTree = "<group>"; };
		5BC76292237C67E40062CDD3 /* MealTableViewController.swift */ = {isa = PBXFileReference; lastKnownFileType = sourcecode.swift; path = MealTableViewController.swift; sourceTree = "<group>"; };
		5BE3438924DAB89900A6524B /* SettingsMensaLocationTableViewController.swift */ = {isa = PBXFileReference; lastKnownFileType = sourcecode.swift; path = SettingsMensaLocationTableViewController.swift; sourceTree = "<group>"; };
		5BE3438D24DADB8600A6524B /* MainTableViewController+NSToolbar.swift */ = {isa = PBXFileReference; lastKnownFileType = sourcecode.swift; path = "MainTableViewController+NSToolbar.swift"; sourceTree = "<group>"; };
		5BEA0A30235DC0BA003E3616 /* SettingsTableViewController.swift */ = {isa = PBXFileReference; lastKnownFileType = sourcecode.swift; path = SettingsTableViewController.swift; sourceTree = "<group>"; };
		5BEA0A32235DC0D0003E3616 /* SettingsTableViewController+TableView.swift */ = {isa = PBXFileReference; lastKnownFileType = sourcecode.swift; path = "SettingsTableViewController+TableView.swift"; sourceTree = "<group>"; };
		5BEA0A34235DCA55003E3616 /* Model.swift */ = {isa = PBXFileReference; lastKnownFileType = sourcecode.swift; path = Model.swift; sourceTree = "<group>"; };
		5BEA0A36235E0990003E3616 /* Mensaplan.entitlements */ = {isa = PBXFileReference; lastKnownFileType = text.plist.entitlements; path = Mensaplan.entitlements; sourceTree = "<group>"; };
		5BEA0A37235E09AE003E3616 /* Intents.framework */ = {isa = PBXFileReference; lastKnownFileType = wrapper.framework; name = Intents.framework; path = System/Library/Frameworks/Intents.framework; sourceTree = SDKROOT; };
		5BF9892824042B9C000E0ED3 /* SwiftyXMLParser.framework */ = {isa = PBXFileReference; explicitFileType = wrapper.framework; path = SwiftyXMLParser.framework; sourceTree = BUILT_PRODUCTS_DIR; };
		5BF9892C24042BAB000E0ED3 /* SDWebImage.framework */ = {isa = PBXFileReference; explicitFileType = wrapper.framework; path = SDWebImage.framework; sourceTree = BUILT_PRODUCTS_DIR; };
		5BF9892D24042BAB000E0ED3 /* SwiftyXMLParser.framework */ = {isa = PBXFileReference; explicitFileType = wrapper.framework; path = SwiftyXMLParser.framework; sourceTree = BUILT_PRODUCTS_DIR; };
		5BF9892E24042BAB000E0ED3 /* Toast_Swift.framework */ = {isa = PBXFileReference; explicitFileType = wrapper.framework; path = Toast_Swift.framework; sourceTree = BUILT_PRODUCTS_DIR; };
/* End PBXFileReference section */

/* Begin PBXFrameworksBuildPhase section */
		5B458ADB235A3D7D0027CAE1 /* Frameworks */ = {
			isa = PBXFrameworksBuildPhase;
			buildActionMask = 2147483647;
			files = (
				5BB26D8626430E2800A18476 /* Toast in Frameworks */,
				5BB26D7E2642F3EF00A18476 /* Charts in Frameworks */,
				5BB26D8C26430E9100A18476 /* SDWebImage in Frameworks */,
				5BEA0A38235E09AE003E3616 /* Intents.framework in Frameworks */,
				5BB26D8926430E6B00A18476 /* SwiftyXMLParser in Frameworks */,
				5B1C9D1425321F8600F75E3C /* HeinHelpers in Frameworks */,
			);
			runOnlyForDeploymentPostprocessing = 0;
		};
/* End PBXFrameworksBuildPhase section */

/* Begin PBXGroup section */
		3CC711BAEDFFBD9CFA2C533F /* Frameworks */ = {
			isa = PBXGroup;
			children = (
				5BF9892C24042BAB000E0ED3 /* SDWebImage.framework */,
				5BF9892D24042BAB000E0ED3 /* SwiftyXMLParser.framework */,
				5BF9892E24042BAB000E0ED3 /* Toast_Swift.framework */,
				5BF9892824042B9C000E0ED3 /* SwiftyXMLParser.framework */,
				5BEA0A37235E09AE003E3616 /* Intents.framework */,
			);
			name = Frameworks;
			sourceTree = "<group>";
		};
		5B09BB3623705A03004E1981 /* Cells */ = {
			isa = PBXGroup;
			children = (
				5BB26D772642E5BA00A18476 /* OpeningTableViewCell.swift */,
				5B27727B235D102A00E3894B /* MealTableViewCell.swift */,
				5B0AE9C023887786005C22A7 /* ImageViewCell.swift */,
				5BBEA09424033759005790E9 /* DayTableViewCell.swift */,
				5BB26D822642F63400A18476 /* HistoryTableViewCell.swift */,
				5B12E9DC264BC041002B78FE /* TipTableViewCell.swift */,
			);
			path = Cells;
			sourceTree = "<group>";
		};
		5B187030235A40AC00EF54DF /* Views */ = {
			isa = PBXGroup;
			children = (
				5B187032235A40CC00EF54DF /* Main */,
				5B277276235D0B0100E3894B /* DetailView */,
				5B5C8EC1235F2B2C00C29E62 /* MealView */,
				5BB26D7B2642EA1600A18476 /* MensacardView */,
				5BEA0A2F235DC0A0003E3616 /* Settings */,
			);
			path = Views;
			sourceTree = "<group>";
		};
		5B187031235A40B700EF54DF /* Storyboards */ = {
			isa = PBXGroup;
			children = (
				5B492101264528D00088239C /* Settings */,
				5B458AE7235A3D7D0027CAE1 /* Main.storyboard */,
				5B458AEC235A3D7E0027CAE1 /* LaunchScreen.storyboard */,
				5BB26D752642DE8700A18476 /* Mensacard.storyboard */,
			);
			path = Storyboards;
			sourceTree = "<group>";
		};
		5B187032235A40CC00EF54DF /* Main */ = {
			isa = PBXGroup;
			children = (
				5B18702E235A403E00EF54DF /* MainTableViewController.swift */,
				5B187033235A40E200EF54DF /* MainTableViewController+TableView.swift */,
				5BE3438D24DADB8600A6524B /* MainTableViewController+NSToolbar.swift */,
			);
			path = Main;
			sourceTree = "<group>";
		};
		5B277276235D0B0100E3894B /* DetailView */ = {
			isa = PBXGroup;
			children = (
				5B277277235D0B1900E3894B /* DetailTableViewController.swift */,
				5B277279235D0B2900E3894B /* DetailTableViewController+TableView.swift */,
			);
			path = DetailView;
			sourceTree = "<group>";
		};
		5B458AD5235A3D7D0027CAE1 = {
			isa = PBXGroup;
			children = (
				5B458AE0235A3D7D0027CAE1 /* Mensaplan */,
				5B458ADF235A3D7D0027CAE1 /* Products */,
				3CC711BAEDFFBD9CFA2C533F /* Frameworks */,
				5BC2298B23FC9F2E00C71FC4 /* Recovered References */,
			);
			sourceTree = "<group>";
		};
		5B458ADF235A3D7D0027CAE1 /* Products */ = {
			isa = PBXGroup;
			children = (
				5B458ADE235A3D7D0027CAE1 /* Mensaplan.app */,
			);
			name = Products;
			sourceTree = "<group>";
		};
		5B458AE0235A3D7D0027CAE1 /* Mensaplan */ = {
			isa = PBXGroup;
			children = (
				5BA5CF7026446E1700AC939C /* Custom Views */,
				5B09BB3623705A03004E1981 /* Cells */,
				5B187030235A40AC00EF54DF /* Views */,
				5B187031235A40B700EF54DF /* Storyboards */,
				5B5C8EC7235F372F00C29E62 /* Data */,
				5B5C8EC6235F372100C29E62 /* Extensions */,
				5B458AEA235A3D7E0027CAE1 /* Assets.xcassets */,
				5B458AE1235A3D7D0027CAE1 /* AppDelegate.swift */,
				5B458AEF235A3D7E0027CAE1 /* Info.plist */,
				5B06EFAF2382EE640020FF0E /* Localizable.strings */,
				5BEA0A36235E0990003E3616 /* Mensaplan.entitlements */,
			);
			path = Mensaplan;
			sourceTree = "<group>";
		};
		5B492101264528D00088239C /* Settings */ = {
			isa = PBXGroup;
			children = (
				5BC7628C237C4F910062CDD3 /* Settings.storyboard */,
				5B492102264528EA0088239C /* Settings+TipJar.storyboard */,
			);
			name = Settings;
			sourceTree = "<group>";
		};
		5B5C8EC1235F2B2C00C29E62 /* MealView */ = {
			isa = PBXGroup;
			children = (
				5BC76292237C67E40062CDD3 /* MealTableViewController.swift */,
			);
			path = MealView;
			sourceTree = "<group>";
		};
		5B5C8EC6235F372100C29E62 /* Extensions */ = {
			isa = PBXGroup;
			children = (
				5B5C8EBD235E5EDF00C29E62 /* UIViewController+SafariActions.swift */,
				5B5C8EC2235F2DA500C29E62 /* UIImageView+Download.swift */,
				5B09BB3B23705A37004E1981 /* Bundle+Icon.swift */,
				5B09BB3E23705A37004E1981 /* Date+Helpers.swift */,
				5B09BB3D23705A37004E1981 /* SKProduct+LocalizedPrice.swift */,
				5B09BB3923705A37004E1981 /* UIView+Effects.swift */,
				5B09BB3A23705A37004E1981 /* UserDefaults+Helper.swift */,
				5B06EFA72382CF000020FF0E /* Double+Rounding.swift */,
				5B06EFA92382CF170020FF0E /* Data+HexEnconding.swift */,
				5B629D17238A846400E39C8D /* UIStackView+removeAll.swift */,
				5B0B1AE6264321740081E4A2 /* UIColor+LigherDarker.swift */,
			);
			path = Extensions;
			sourceTree = "<group>";
		};
		5B5C8EC7235F372F00C29E62 /* Data */ = {
			isa = PBXGroup;
			children = (
				5BC2298C23FCA22300C71FC4 /* MensaContainer.swift */,
				5B342F002406E1D300718C95 /* MensaXML.swift */,
				5B277274235D033500E3894B /* Data.swift */,
				5B06EFA12382CC5C0020FF0E /* MensaDatabase.swift */,
				5B06EFA32382CC6C0020FF0E /* HistoryItem.swift */,
				5BEA0A34235DCA55003E3616 /* Model.swift */,
			);
			path = Data;
			sourceTree = "<group>";
		};
		5BA5CF6726446DA500AC939C /* TipJar */ = {
			isa = PBXGroup;
			children = (
				5BA5CF6926446DBB00AC939C /* TipJar+TableView.swift */,
				5BA5CF6A26446DBB00AC939C /* TipJar+Transaction.swift */,
				5BA5CF6826446DBB00AC939C /* TipJarTableViewController.swift */,
			);
			path = TipJar;
			sourceTree = "<group>";
		};
		5BA5CF7026446E1700AC939C /* Custom Views */ = {
			isa = PBXGroup;
			children = (
				5BA5CF7126446E1700AC939C /* BorderedButton.swift */,
			);
			path = "Custom Views";
			sourceTree = "<group>";
		};
		5BA5CF7526447F8500AC939C /* TabSelection */ = {
			isa = PBXGroup;
			children = (
				5BA5CF7626447F9A00AC939C /* SettingsTabTableViewController.swift */,
			);
			path = TabSelection;
			sourceTree = "<group>";
		};
		5BB26D7B2642EA1600A18476 /* MensacardView */ = {
			isa = PBXGroup;
			children = (
				5BB26D812642F61E00A18476 /* History */,
				5B0B1AE42643154D0081E4A2 /* MensacardViewController.swift */,
				5B06EFA52382CCA10020FF0E /* MensacardViewController+NFC.swift */,
				5B6B7F60264D5B33008B18CC /* ChartXAxisFormatter.swift */,
			);
			path = MensacardView;
			sourceTree = "<group>";
		};
		5BB26D812642F61E00A18476 /* History */ = {
			isa = PBXGroup;
			children = (
				5BB26D7F2642F54F00A18476 /* MensacardHistoryTableViewController.swift */,
			);
			path = History;
			sourceTree = "<group>";
		};
		5BC2298B23FC9F2E00C71FC4 /* Recovered References */ = {
			isa = PBXGroup;
			children = (
			);
			name = "Recovered References";
			sourceTree = "<group>";
		};
		5BE3438824DAB87100A6524B /* MensaLocation */ = {
			isa = PBXGroup;
			children = (
				5BE3438924DAB89900A6524B /* SettingsMensaLocationTableViewController.swift */,
			);
			path = MensaLocation;
			sourceTree = "<group>";
		};
		5BEA0A2F235DC0A0003E3616 /* Settings */ = {
			isa = PBXGroup;
			children = (
				5BA5CF7526447F8500AC939C /* TabSelection */,
				5BA5CF6726446DA500AC939C /* TipJar */,
				5BE3438824DAB87100A6524B /* MensaLocation */,
				5BEA0A30235DC0BA003E3616 /* SettingsTableViewController.swift */,
				5BEA0A32235DC0D0003E3616 /* SettingsTableViewController+TableView.swift */,
				5B5C8EBB235E5E7700C29E62 /* SettingsTableViewController+SendSupportMail.swift */,
				5BAE17562645928500180F40 /* SettingsTableViewController+Developer.swift */,
			);
			path = Settings;
			sourceTree = "<group>";
		};
/* End PBXGroup section */

/* Begin PBXNativeTarget section */
		5B458ADD235A3D7D0027CAE1 /* Mensaplan */ = {
			isa = PBXNativeTarget;
			buildConfigurationList = 5B458AFD235A3D7E0027CAE1 /* Build configuration list for PBXNativeTarget "Mensaplan" */;
			buildPhases = (
				5B458ADA235A3D7D0027CAE1 /* Sources */,
				5B458ADB235A3D7D0027CAE1 /* Frameworks */,
				5B458ADC235A3D7D0027CAE1 /* Resources */,
				5B20E15B24042B11001066B4 /* Embed Watch Content */,
			);
			buildRules = (
			);
			dependencies = (
			);
			name = Mensaplan;
			packageProductDependencies = (
				5B1C9D1325321F8600F75E3C /* HeinHelpers */,
				5BB26D7D2642F3EF00A18476 /* Charts */,
				5BB26D8526430E2800A18476 /* Toast */,
				5BB26D8826430E6B00A18476 /* SwiftyXMLParser */,
				5BB26D8B26430E9100A18476 /* SDWebImage */,
			);
			productName = Mensaplan;
			productReference = 5B458ADE235A3D7D0027CAE1 /* Mensaplan.app */;
			productType = "com.apple.product-type.application";
		};
/* End PBXNativeTarget section */

/* Begin PBXProject section */
		5B458AD6235A3D7D0027CAE1 /* Project object */ = {
			isa = PBXProject;
			attributes = {
				LastSwiftUpdateCheck = 1140;
				LastUpgradeCheck = 1220;
				ORGANIZATIONNAME = "Marc Hein";
				TargetAttributes = {
					5B458ADD235A3D7D0027CAE1 = {
						CreatedOnToolsVersion = 11.1;
					};
				};
			};
			buildConfigurationList = 5B458AD9235A3D7D0027CAE1 /* Build configuration list for PBXProject "Mensaplan" */;
			compatibilityVersion = "Xcode 9.3";
			developmentRegion = de;
			hasScannedForEncodings = 0;
			knownRegions = (
				de,
				Base,
			);
			mainGroup = 5B458AD5235A3D7D0027CAE1;
			packageReferences = (
				5B1C9D1225321F8600F75E3C /* XCRemoteSwiftPackageReference "HeinHelpers" */,
				5BB26D7C2642F3EF00A18476 /* XCRemoteSwiftPackageReference "Charts" */,
				5BB26D8426430E2700A18476 /* XCRemoteSwiftPackageReference "Toast-Swift" */,
				5BB26D8726430E6B00A18476 /* XCRemoteSwiftPackageReference "SwiftyXMLParser" */,
				5BB26D8A26430E9100A18476 /* XCRemoteSwiftPackageReference "SDWebImage" */,
			);
			productRefGroup = 5B458ADF235A3D7D0027CAE1 /* Products */;
			projectDirPath = "";
			projectRoot = "";
			targets = (
				5B458ADD235A3D7D0027CAE1 /* Mensaplan */,
			);
		};
/* End PBXProject section */

/* Begin PBXResourcesBuildPhase section */
		5B458ADC235A3D7D0027CAE1 /* Resources */ = {
			isa = PBXResourcesBuildPhase;
			buildActionMask = 2147483647;
			files = (
				5BB26D762642DE8700A18476 /* Mensacard.storyboard in Resources */,
				5B06EFAD2382EE640020FF0E /* Localizable.strings in Resources */,
				5B458AEE235A3D7E0027CAE1 /* LaunchScreen.storyboard in Resources */,
				5B458AEB235A3D7E0027CAE1 /* Assets.xcassets in Resources */,
				5B458AE9235A3D7D0027CAE1 /* Main.storyboard in Resources */,
				5BC7628D237C4F910062CDD3 /* Settings.storyboard in Resources */,
				5B492103264528EA0088239C /* Settings+TipJar.storyboard in Resources */,
			);
			runOnlyForDeploymentPostprocessing = 0;
		};
/* End PBXResourcesBuildPhase section */

/* Begin PBXSourcesBuildPhase section */
		5B458ADA235A3D7D0027CAE1 /* Sources */ = {
			isa = PBXSourcesBuildPhase;
			buildActionMask = 2147483647;
			files = (
				5B27727A235D0B2900E3894B /* DetailTableViewController+TableView.swift in Sources */,
				5BE3438A24DAB89900A6524B /* SettingsMensaLocationTableViewController.swift in Sources */,
				5B18702F235A403E00EF54DF /* MainTableViewController.swift in Sources */,
				5B09BB4123705A37004E1981 /* Bundle+Icon.swift in Sources */,
				5BE3438E24DADB8600A6524B /* MainTableViewController+NSToolbar.swift in Sources */,
				5B06EFA22382CC5C0020FF0E /* MensaDatabase.swift in Sources */,
				5BBEA09524033759005790E9 /* DayTableViewCell.swift in Sources */,
				5BEA0A33235DC0D0003E3616 /* SettingsTableViewController+TableView.swift in Sources */,
				5BA5CF7726447F9A00AC939C /* SettingsTabTableViewController.swift in Sources */,
				5BB26D832642F63400A18476 /* HistoryTableViewCell.swift in Sources */,
				5BB26D782642E5BA00A18476 /* OpeningTableViewCell.swift in Sources */,
				5BA5CF6C26446DBB00AC939C /* TipJar+TableView.swift in Sources */,
				5B5C8EBC235E5E7700C29E62 /* SettingsTableViewController+SendSupportMail.swift in Sources */,
				5B0B1AE7264321740081E4A2 /* UIColor+LigherDarker.swift in Sources */,
				5B06EFA42382CC6C0020FF0E /* HistoryItem.swift in Sources */,
				5BC7628B237C4F260062CDD3 /* MealTableViewCell.swift in Sources */,
				5BA5CF6B26446DBB00AC939C /* TipJarTableViewController.swift in Sources */,
				5B5C8EBE235E5EDF00C29E62 /* UIViewController+SafariActions.swift in Sources */,
				5BAE17572645928500180F40 /* SettingsTableViewController+Developer.swift in Sources */,
				5B6B7F61264D5B33008B18CC /* ChartXAxisFormatter.swift in Sources */,
				5B0AE9C123887786005C22A7 /* ImageViewCell.swift in Sources */,
				5B06EFA82382CF000020FF0E /* Double+Rounding.swift in Sources */,
				5BA5CF7326446E1700AC939C /* BorderedButton.swift in Sources */,
				5B277278235D0B1900E3894B /* DetailTableViewController.swift in Sources */,
				5BEA0A35235DCA55003E3616 /* Model.swift in Sources */,
				5B12E9DD264BC041002B78FE /* TipTableViewCell.swift in Sources */,
				5BA5CF6D26446DBB00AC939C /* TipJar+Transaction.swift in Sources */,
				5B06EFA62382CCA10020FF0E /* MensacardViewController+NFC.swift in Sources */,
				5B629D18238A846400E39C8D /* UIStackView+removeAll.swift in Sources */,
				5BEA0A31235DC0BA003E3616 /* SettingsTableViewController.swift in Sources */,
				5BC76293237C67E40062CDD3 /* MealTableViewController.swift in Sources */,
				5B06EFAA2382CF170020FF0E /* Data+HexEnconding.swift in Sources */,
				5B09BB4023705A37004E1981 /* UserDefaults+Helper.swift in Sources */,
				5B0B1AE52643154D0081E4A2 /* MensacardViewController.swift in Sources */,
				5BC2298D23FCA22300C71FC4 /* MensaContainer.swift in Sources */,
				5BB26D802642F54F00A18476 /* MensacardHistoryTableViewController.swift in Sources */,
				5B09BB3F23705A37004E1981 /* UIView+Effects.swift in Sources */,
				5B342F012406E1D300718C95 /* MensaXML.swift in Sources */,
				5B458AE2235A3D7D0027CAE1 /* AppDelegate.swift in Sources */,
				5B5C8EC3235F2DA500C29E62 /* UIImageView+Download.swift in Sources */,
				5B09BB4323705A37004E1981 /* SKProduct+LocalizedPrice.swift in Sources */,
				5B187034235A40E200EF54DF /* MainTableViewController+TableView.swift in Sources */,
				5B277275235D033500E3894B /* Data.swift in Sources */,
				5B09BB4423705A37004E1981 /* Date+Helpers.swift in Sources */,
			);
			runOnlyForDeploymentPostprocessing = 0;
		};
/* End PBXSourcesBuildPhase section */

/* Begin PBXVariantGroup section */
		5B06EFAF2382EE640020FF0E /* Localizable.strings */ = {
			isa = PBXVariantGroup;
			children = (
				5B06EFAE2382EE640020FF0E /* de */,
			);
			name = Localizable.strings;
			sourceTree = "<group>";
		};
		5B458AE7235A3D7D0027CAE1 /* Main.storyboard */ = {
			isa = PBXVariantGroup;
			children = (
				5B2DE9EC23608B380064E3AF /* de */,
			);
			name = Main.storyboard;
			sourceTree = "<group>";
		};
		5B458AEC235A3D7E0027CAE1 /* LaunchScreen.storyboard */ = {
			isa = PBXVariantGroup;
			children = (
				5B2DE9EB23608B380064E3AF /* de */,
			);
			name = LaunchScreen.storyboard;
			sourceTree = "<group>";
		};
/* End PBXVariantGroup section */

/* Begin XCBuildConfiguration section */
		5B458AFB235A3D7E0027CAE1 /* Debug */ = {
			isa = XCBuildConfiguration;
			buildSettings = {
				ALWAYS_SEARCH_USER_PATHS = NO;
				CLANG_ANALYZER_LOCALIZABILITY_NONLOCALIZED = YES;
				CLANG_ANALYZER_NONNULL = YES;
				CLANG_ANALYZER_NUMBER_OBJECT_CONVERSION = YES_AGGRESSIVE;
				CLANG_CXX_LANGUAGE_STANDARD = "gnu++14";
				CLANG_CXX_LIBRARY = "libc++";
				CLANG_ENABLE_MODULES = YES;
				CLANG_ENABLE_OBJC_ARC = YES;
				CLANG_ENABLE_OBJC_WEAK = YES;
				CLANG_WARN_BLOCK_CAPTURE_AUTORELEASING = YES;
				CLANG_WARN_BOOL_CONVERSION = YES;
				CLANG_WARN_COMMA = YES;
				CLANG_WARN_CONSTANT_CONVERSION = YES;
				CLANG_WARN_DEPRECATED_OBJC_IMPLEMENTATIONS = YES;
				CLANG_WARN_DIRECT_OBJC_ISA_USAGE = YES_ERROR;
				CLANG_WARN_DOCUMENTATION_COMMENTS = YES;
				CLANG_WARN_EMPTY_BODY = YES;
				CLANG_WARN_ENUM_CONVERSION = YES;
				CLANG_WARN_INFINITE_RECURSION = YES;
				CLANG_WARN_INT_CONVERSION = YES;
				CLANG_WARN_NON_LITERAL_NULL_CONVERSION = YES;
				CLANG_WARN_OBJC_IMPLICIT_RETAIN_SELF = YES;
				CLANG_WARN_OBJC_LITERAL_CONVERSION = YES;
				CLANG_WARN_OBJC_ROOT_CLASS = YES_ERROR;
				CLANG_WARN_QUOTED_INCLUDE_IN_FRAMEWORK_HEADER = YES;
				CLANG_WARN_RANGE_LOOP_ANALYSIS = YES;
				CLANG_WARN_STRICT_PROTOTYPES = YES;
				CLANG_WARN_SUSPICIOUS_MOVE = YES;
				CLANG_WARN_UNGUARDED_AVAILABILITY = YES_AGGRESSIVE;
				CLANG_WARN_UNREACHABLE_CODE = YES;
				CLANG_WARN__DUPLICATE_METHOD_MATCH = YES;
				COPY_PHASE_STRIP = NO;
				DEBUG_INFORMATION_FORMAT = dwarf;
				ENABLE_STRICT_OBJC_MSGSEND = YES;
				ENABLE_TESTABILITY = YES;
				GCC_C_LANGUAGE_STANDARD = gnu11;
				GCC_DYNAMIC_NO_PIC = NO;
				GCC_NO_COMMON_BLOCKS = YES;
				GCC_OPTIMIZATION_LEVEL = 0;
				GCC_PREPROCESSOR_DEFINITIONS = (
					"DEBUG=1",
					"$(inherited)",
				);
				GCC_WARN_64_TO_32_BIT_CONVERSION = YES;
				GCC_WARN_ABOUT_RETURN_TYPE = YES_ERROR;
				GCC_WARN_UNDECLARED_SELECTOR = YES;
				GCC_WARN_UNINITIALIZED_AUTOS = YES_AGGRESSIVE;
				GCC_WARN_UNUSED_FUNCTION = YES;
				GCC_WARN_UNUSED_VARIABLE = YES;
				IPHONEOS_DEPLOYMENT_TARGET = 13.0;
				MTL_ENABLE_DEBUG_INFO = INCLUDE_SOURCE;
				MTL_FAST_MATH = YES;
				ONLY_ACTIVE_ARCH = YES;
				SDKROOT = iphoneos;
				SWIFT_ACTIVE_COMPILATION_CONDITIONS = DEBUG;
				SWIFT_OPTIMIZATION_LEVEL = "-Onone";
			};
			name = Debug;
		};
		5B458AFC235A3D7E0027CAE1 /* Release */ = {
			isa = XCBuildConfiguration;
			buildSettings = {
				ALWAYS_SEARCH_USER_PATHS = NO;
				CLANG_ANALYZER_LOCALIZABILITY_NONLOCALIZED = YES;
				CLANG_ANALYZER_NONNULL = YES;
				CLANG_ANALYZER_NUMBER_OBJECT_CONVERSION = YES_AGGRESSIVE;
				CLANG_CXX_LANGUAGE_STANDARD = "gnu++14";
				CLANG_CXX_LIBRARY = "libc++";
				CLANG_ENABLE_MODULES = YES;
				CLANG_ENABLE_OBJC_ARC = YES;
				CLANG_ENABLE_OBJC_WEAK = YES;
				CLANG_WARN_BLOCK_CAPTURE_AUTORELEASING = YES;
				CLANG_WARN_BOOL_CONVERSION = YES;
				CLANG_WARN_COMMA = YES;
				CLANG_WARN_CONSTANT_CONVERSION = YES;
				CLANG_WARN_DEPRECATED_OBJC_IMPLEMENTATIONS = YES;
				CLANG_WARN_DIRECT_OBJC_ISA_USAGE = YES_ERROR;
				CLANG_WARN_DOCUMENTATION_COMMENTS = YES;
				CLANG_WARN_EMPTY_BODY = YES;
				CLANG_WARN_ENUM_CONVERSION = YES;
				CLANG_WARN_INFINITE_RECURSION = YES;
				CLANG_WARN_INT_CONVERSION = YES;
				CLANG_WARN_NON_LITERAL_NULL_CONVERSION = YES;
				CLANG_WARN_OBJC_IMPLICIT_RETAIN_SELF = YES;
				CLANG_WARN_OBJC_LITERAL_CONVERSION = YES;
				CLANG_WARN_OBJC_ROOT_CLASS = YES_ERROR;
				CLANG_WARN_QUOTED_INCLUDE_IN_FRAMEWORK_HEADER = YES;
				CLANG_WARN_RANGE_LOOP_ANALYSIS = YES;
				CLANG_WARN_STRICT_PROTOTYPES = YES;
				CLANG_WARN_SUSPICIOUS_MOVE = YES;
				CLANG_WARN_UNGUARDED_AVAILABILITY = YES_AGGRESSIVE;
				CLANG_WARN_UNREACHABLE_CODE = YES;
				CLANG_WARN__DUPLICATE_METHOD_MATCH = YES;
				COPY_PHASE_STRIP = NO;
				DEBUG_INFORMATION_FORMAT = "dwarf-with-dsym";
				ENABLE_NS_ASSERTIONS = NO;
				ENABLE_STRICT_OBJC_MSGSEND = YES;
				GCC_C_LANGUAGE_STANDARD = gnu11;
				GCC_NO_COMMON_BLOCKS = YES;
				GCC_WARN_64_TO_32_BIT_CONVERSION = YES;
				GCC_WARN_ABOUT_RETURN_TYPE = YES_ERROR;
				GCC_WARN_UNDECLARED_SELECTOR = YES;
				GCC_WARN_UNINITIALIZED_AUTOS = YES_AGGRESSIVE;
				GCC_WARN_UNUSED_FUNCTION = YES;
				GCC_WARN_UNUSED_VARIABLE = YES;
				IPHONEOS_DEPLOYMENT_TARGET = 13.0;
				MTL_ENABLE_DEBUG_INFO = NO;
				MTL_FAST_MATH = YES;
				SDKROOT = iphoneos;
				SWIFT_COMPILATION_MODE = wholemodule;
				SWIFT_OPTIMIZATION_LEVEL = "-O";
				VALIDATE_PRODUCT = YES;
			};
			name = Release;
		};
		5B458AFE235A3D7E0027CAE1 /* Debug */ = {
			isa = XCBuildConfiguration;
			buildSettings = {
				ASSETCATALOG_COMPILER_APPICON_NAME = AppIcon;
				CODE_SIGN_ENTITLEMENTS = Mensaplan/Mensaplan.entitlements;
				CODE_SIGN_IDENTITY = "Apple Development";
				"CODE_SIGN_IDENTITY[sdk=macosx*]" = "Apple Development";
				CODE_SIGN_STYLE = Automatic;
				CURRENT_PROJECT_VERSION = 42;
				DERIVE_MACCATALYST_PRODUCT_BUNDLE_IDENTIFIER = NO;
				DEVELOPMENT_TEAM = UJR28ZV94C;
				INFOPLIST_FILE = Mensaplan/Info.plist;
				IPHONEOS_DEPLOYMENT_TARGET = 13.0;
				LD_RUNPATH_SEARCH_PATHS = (
					"$(inherited)",
					"@executable_path/Frameworks",
				);
				MARKETING_VERSION = 1.6;
				PRODUCT_BUNDLE_IDENTIFIER = "de.marc-hein.mensaplan";
				PRODUCT_NAME = "$(TARGET_NAME)";
				PROVISIONING_PROFILE_SPECIFIER = "";
				"PROVISIONING_PROFILE_SPECIFIER[sdk=macosx*]" = "";
				SUPPORTS_MACCATALYST = YES;
				SWIFT_VERSION = 5.0;
				TARGETED_DEVICE_FAMILY = "1,2";
			};
			name = Debug;
		};
		5B458AFF235A3D7E0027CAE1 /* Release */ = {
			isa = XCBuildConfiguration;
			buildSettings = {
				ASSETCATALOG_COMPILER_APPICON_NAME = AppIcon;
				CODE_SIGN_ENTITLEMENTS = Mensaplan/Mensaplan.entitlements;
				CODE_SIGN_IDENTITY = "Apple Development";
				"CODE_SIGN_IDENTITY[sdk=macosx*]" = "Apple Development";
				CODE_SIGN_STYLE = Automatic;
				CURRENT_PROJECT_VERSION = 42;
				DERIVE_MACCATALYST_PRODUCT_BUNDLE_IDENTIFIER = NO;
				DEVELOPMENT_TEAM = UJR28ZV94C;
				INFOPLIST_FILE = Mensaplan/Info.plist;
				IPHONEOS_DEPLOYMENT_TARGET = 13.0;
				LD_RUNPATH_SEARCH_PATHS = (
					"$(inherited)",
					"@executable_path/Frameworks",
				);
				MARKETING_VERSION = 1.6;
				PRODUCT_BUNDLE_IDENTIFIER = "de.marc-hein.mensaplan";
				PRODUCT_NAME = "$(TARGET_NAME)";
				PROVISIONING_PROFILE_SPECIFIER = "";
				"PROVISIONING_PROFILE_SPECIFIER[sdk=macosx*]" = "";
				SUPPORTS_MACCATALYST = YES;
				SWIFT_VERSION = 5.0;
				TARGETED_DEVICE_FAMILY = "1,2";
			};
			name = Release;
		};
/* End XCBuildConfiguration section */

/* Begin XCConfigurationList section */
		5B458AD9235A3D7D0027CAE1 /* Build configuration list for PBXProject "Mensaplan" */ = {
			isa = XCConfigurationList;
			buildConfigurations = (
				5B458AFB235A3D7E0027CAE1 /* Debug */,
				5B458AFC235A3D7E0027CAE1 /* Release */,
			);
			defaultConfigurationIsVisible = 0;
			defaultConfigurationName = Release;
		};
		5B458AFD235A3D7E0027CAE1 /* Build configuration list for PBXNativeTarget "Mensaplan" */ = {
			isa = XCConfigurationList;
			buildConfigurations = (
				5B458AFE235A3D7E0027CAE1 /* Debug */,
				5B458AFF235A3D7E0027CAE1 /* Release */,
			);
			defaultConfigurationIsVisible = 0;
			defaultConfigurationName = Release;
		};
/* End XCConfigurationList section */

/* Begin XCRemoteSwiftPackageReference section */
		5B1C9D1225321F8600F75E3C /* XCRemoteSwiftPackageReference "HeinHelpers" */ = {
			isa = XCRemoteSwiftPackageReference;
			repositoryURL = "https://github.com/marchein/HeinHelpers.git";
			requirement = {
				kind = upToNextMajorVersion;
				minimumVersion = 1.0.0;
			};
		};
		5BB26D7C2642F3EF00A18476 /* XCRemoteSwiftPackageReference "Charts" */ = {
			isa = XCRemoteSwiftPackageReference;
			repositoryURL = "https://github.com/danielgindi/Charts.git";
			requirement = {
				kind = upToNextMajorVersion;
				minimumVersion = 4.0.1;
			};
		};
		5BB26D8426430E2700A18476 /* XCRemoteSwiftPackageReference "Toast-Swift" */ = {
			isa = XCRemoteSwiftPackageReference;
			repositoryURL = "https://github.com/scalessec/Toast-Swift";
			requirement = {
				kind = upToNextMajorVersion;
				minimumVersion = 5.0.1;
			};
		};
		5BB26D8726430E6B00A18476 /* XCRemoteSwiftPackageReference "SwiftyXMLParser" */ = {
			isa = XCRemoteSwiftPackageReference;
			repositoryURL = "https://github.com/yahoojapan/SwiftyXMLParser";
			requirement = {
				kind = upToNextMajorVersion;
				minimumVersion = 5.3.0;
			};
		};
		5BB26D8A26430E9100A18476 /* XCRemoteSwiftPackageReference "SDWebImage" */ = {
			isa = XCRemoteSwiftPackageReference;
			repositoryURL = "https://github.com/SDWebImage/SDWebImage";
			requirement = {
				kind = upToNextMajorVersion;
				minimumVersion = 5.11.1;
			};
		};
/* End XCRemoteSwiftPackageReference section */

/* Begin XCSwiftPackageProductDependency section */
		5B1C9D1325321F8600F75E3C /* HeinHelpers */ = {
			isa = XCSwiftPackageProductDependency;
			package = 5B1C9D1225321F8600F75E3C /* XCRemoteSwiftPackageReference "HeinHelpers" */;
			productName = HeinHelpers;
		};
		5BB26D7D2642F3EF00A18476 /* Charts */ = {
			isa = XCSwiftPackageProductDependency;
			package = 5BB26D7C2642F3EF00A18476 /* XCRemoteSwiftPackageReference "Charts" */;
			productName = Charts;
		};
		5BB26D8526430E2800A18476 /* Toast */ = {
			isa = XCSwiftPackageProductDependency;
			package = 5BB26D8426430E2700A18476 /* XCRemoteSwiftPackageReference "Toast-Swift" */;
			productName = Toast;
		};
		5BB26D8826430E6B00A18476 /* SwiftyXMLParser */ = {
			isa = XCSwiftPackageProductDependency;
			package = 5BB26D8726430E6B00A18476 /* XCRemoteSwiftPackageReference "SwiftyXMLParser" */;
			productName = SwiftyXMLParser;
		};
		5BB26D8B26430E9100A18476 /* SDWebImage */ = {
			isa = XCSwiftPackageProductDependency;
			package = 5BB26D8A26430E9100A18476 /* XCRemoteSwiftPackageReference "SDWebImage" */;
			productName = SDWebImage;
		};
/* End XCSwiftPackageProductDependency section */
	};
	rootObject = 5B458AD6235A3D7D0027CAE1 /* Project object */;
}
