// !$*UTF8*$!
{
	archiveVersion = 1;
	classes = {
	};
	objectVersion = 52;
	objects = {

/* Begin PBXBuildFile section */
		39C7455E5221A41096AB6E8C /* Pods_Mensaplan_TV.framework in Frameworks */ = {isa = PBXBuildFile; fileRef = B812F5F8059DADE15B29FBA1 /* Pods_Mensaplan_TV.framework */; };
		5B06EFA22382CC5C0020FF0E /* MensaDatabase.swift in Sources */ = {isa = PBXBuildFile; fileRef = 5B06EFA12382CC5C0020FF0E /* MensaDatabase.swift */; };
		5B06EFA42382CC6C0020FF0E /* HistoryItem.swift in Sources */ = {isa = PBXBuildFile; fileRef = 5B06EFA32382CC6C0020FF0E /* HistoryItem.swift */; };
		5B06EFA62382CCA10020FF0E /* MainTableViewController+NFC.swift in Sources */ = {isa = PBXBuildFile; fileRef = 5B06EFA52382CCA10020FF0E /* MainTableViewController+NFC.swift */; };
		5B06EFA82382CF000020FF0E /* Double+Rounding.swift in Sources */ = {isa = PBXBuildFile; fileRef = 5B06EFA72382CF000020FF0E /* Double+Rounding.swift */; };
		5B06EFAA2382CF170020FF0E /* Data+HexEnconding.swift in Sources */ = {isa = PBXBuildFile; fileRef = 5B06EFA92382CF170020FF0E /* Data+HexEnconding.swift */; };
		5B06EFAD2382EE640020FF0E /* Localizable.strings in Resources */ = {isa = PBXBuildFile; fileRef = 5B06EFAF2382EE640020FF0E /* Localizable.strings */; };
		5B09BB33237058B0004E1981 /* TipJarTableViewController.swift in Sources */ = {isa = PBXBuildFile; fileRef = 5B09BB30237058B0004E1981 /* TipJarTableViewController.swift */; };
		5B09BB34237058B0004E1981 /* TipJar+Transaction.swift in Sources */ = {isa = PBXBuildFile; fileRef = 5B09BB31237058B0004E1981 /* TipJar+Transaction.swift */; };
		5B09BB35237058B0004E1981 /* TipJar+TableView.swift in Sources */ = {isa = PBXBuildFile; fileRef = 5B09BB32237058B0004E1981 /* TipJar+TableView.swift */; };
		5B09BB3F23705A37004E1981 /* UIView+Effects.swift in Sources */ = {isa = PBXBuildFile; fileRef = 5B09BB3923705A37004E1981 /* UIView+Effects.swift */; };
		5B09BB4023705A37004E1981 /* UserDefaults+Helper.swift in Sources */ = {isa = PBXBuildFile; fileRef = 5B09BB3A23705A37004E1981 /* UserDefaults+Helper.swift */; };
		5B09BB4123705A37004E1981 /* Bundle+Icon.swift in Sources */ = {isa = PBXBuildFile; fileRef = 5B09BB3B23705A37004E1981 /* Bundle+Icon.swift */; };
		5B09BB4323705A37004E1981 /* SKProduct+LocalizedPrice.swift in Sources */ = {isa = PBXBuildFile; fileRef = 5B09BB3D23705A37004E1981 /* SKProduct+LocalizedPrice.swift */; };
		5B09BB4423705A37004E1981 /* Date+Helpers.swift in Sources */ = {isa = PBXBuildFile; fileRef = 5B09BB3E23705A37004E1981 /* Date+Helpers.swift */; };
		5B09BB4723705A59004E1981 /* BorderedButton.swift in Sources */ = {isa = PBXBuildFile; fileRef = 5B09BB4623705A59004E1981 /* BorderedButton.swift */; };
		5B0AE9C123887786005C22A7 /* ImageViewCell.swift in Sources */ = {isa = PBXBuildFile; fileRef = 5B0AE9C023887786005C22A7 /* ImageViewCell.swift */; };
		5B0F4B282407FF32007E934F /* Data.swift in Sources */ = {isa = PBXBuildFile; fileRef = 5B277274235D033500E3894B /* Data.swift */; };
		5B0F4B292407FF36007E934F /* WatchMessage.swift in Sources */ = {isa = PBXBuildFile; fileRef = 5BA2CCB22405503900CF6954 /* WatchMessage.swift */; };
		5B0F4B2A2407FF38007E934F /* Model.swift in Sources */ = {isa = PBXBuildFile; fileRef = 5BEA0A34235DCA55003E3616 /* Model.swift */; };
		5B0F4B2C2407FF5C007E934F /* Date+Helpers.swift in Sources */ = {isa = PBXBuildFile; fileRef = 5B09BB3E23705A37004E1981 /* Date+Helpers.swift */; };
		5B0F4B2D2407FF74007E934F /* UserDefaults+Helper.swift in Sources */ = {isa = PBXBuildFile; fileRef = 5B09BB3A23705A37004E1981 /* UserDefaults+Helper.swift */; };
		5B18702F235A403E00EF54DF /* MainTableViewController.swift in Sources */ = {isa = PBXBuildFile; fileRef = 5B18702E235A403E00EF54DF /* MainTableViewController.swift */; };
		5B187034235A40E200EF54DF /* MainTableViewController+TableView.swift in Sources */ = {isa = PBXBuildFile; fileRef = 5B187033235A40E200EF54DF /* MainTableViewController+TableView.swift */; };
		5B277275235D033500E3894B /* Data.swift in Sources */ = {isa = PBXBuildFile; fileRef = 5B277274235D033500E3894B /* Data.swift */; };
		5B277278235D0B1900E3894B /* DetailTableViewController.swift in Sources */ = {isa = PBXBuildFile; fileRef = 5B277277235D0B1900E3894B /* DetailTableViewController.swift */; };
		5B27727A235D0B2900E3894B /* DetailTableViewController+TableView.swift in Sources */ = {isa = PBXBuildFile; fileRef = 5B277279235D0B2900E3894B /* DetailTableViewController+TableView.swift */; };
		5B2AEB362407050D00C64437 /* Settings-Watch.bundle in Resources */ = {isa = PBXBuildFile; fileRef = 5B2AEB352407050D00C64437 /* Settings-Watch.bundle */; };
		5B310375242CDBF30019446D /* AppDelegate.swift in Sources */ = {isa = PBXBuildFile; fileRef = 5B310374242CDBF30019446D /* AppDelegate.swift */; };
		5B310377242CDBF30019446D /* MainViewController.swift in Sources */ = {isa = PBXBuildFile; fileRef = 5B310376242CDBF30019446D /* MainViewController.swift */; };
		5B31037A242CDBF30019446D /* Main.storyboard in Resources */ = {isa = PBXBuildFile; fileRef = 5B310378242CDBF30019446D /* Main.storyboard */; };
		5B31037C242CDBF50019446D /* Assets.xcassets in Resources */ = {isa = PBXBuildFile; fileRef = 5B31037B242CDBF50019446D /* Assets.xcassets */; };
		5B31037F242CDBF50019446D /* LaunchScreen.storyboard in Resources */ = {isa = PBXBuildFile; fileRef = 5B31037D242CDBF50019446D /* LaunchScreen.storyboard */; };
		5B310384242CDCC70019446D /* MensaXML.swift in Sources */ = {isa = PBXBuildFile; fileRef = 5B342F002406E1D300718C95 /* MensaXML.swift */; };
		5B310385242CDCD10019446D /* Data.swift in Sources */ = {isa = PBXBuildFile; fileRef = 5B277274235D033500E3894B /* Data.swift */; };
		5B310386242CDCD60019446D /* Model.swift in Sources */ = {isa = PBXBuildFile; fileRef = 5BEA0A34235DCA55003E3616 /* Model.swift */; };
		5B310387242CDD100019446D /* Date+Helpers.swift in Sources */ = {isa = PBXBuildFile; fileRef = 5B09BB3E23705A37004E1981 /* Date+Helpers.swift */; };
		5B31038B242CE2000019446D /* DayTableViewCell.swift in Sources */ = {isa = PBXBuildFile; fileRef = 5B31038A242CE2000019446D /* DayTableViewCell.swift */; };
		5B31038F242CEEA10019446D /* MainViewController+TableView.swift in Sources */ = {isa = PBXBuildFile; fileRef = 5B31038E242CEEA10019446D /* MainViewController+TableView.swift */; };
		5B310393242CEF4C0019446D /* DetailTableViewController.swift in Sources */ = {isa = PBXBuildFile; fileRef = 5B310392242CEF4C0019446D /* DetailTableViewController.swift */; };
		5B310395242CF2580019446D /* MealTableViewCell.swift in Sources */ = {isa = PBXBuildFile; fileRef = 5B310394242CF2580019446D /* MealTableViewCell.swift */; };
		5B310396242CF41A0019446D /* Assets.xcassets in Resources */ = {isa = PBXBuildFile; fileRef = 5B458AEA235A3D7E0027CAE1 /* Assets.xcassets */; };
		5B310398242CF5DD0019446D /* UIStackView+removeAll.swift in Sources */ = {isa = PBXBuildFile; fileRef = 5B629D17238A846400E39C8D /* UIStackView+removeAll.swift */; };
		5B342F012406E1D300718C95 /* MensaXML.swift in Sources */ = {isa = PBXBuildFile; fileRef = 5B342F002406E1D300718C95 /* MensaXML.swift */; };
		5B458AE2235A3D7D0027CAE1 /* AppDelegate.swift in Sources */ = {isa = PBXBuildFile; fileRef = 5B458AE1235A3D7D0027CAE1 /* AppDelegate.swift */; };
		5B458AE9235A3D7D0027CAE1 /* Main.storyboard in Resources */ = {isa = PBXBuildFile; fileRef = 5B458AE7235A3D7D0027CAE1 /* Main.storyboard */; };
		5B458AEB235A3D7E0027CAE1 /* Assets.xcassets in Resources */ = {isa = PBXBuildFile; fileRef = 5B458AEA235A3D7E0027CAE1 /* Assets.xcassets */; };
		5B458AEE235A3D7E0027CAE1 /* LaunchScreen.storyboard in Resources */ = {isa = PBXBuildFile; fileRef = 5B458AEC235A3D7E0027CAE1 /* LaunchScreen.storyboard */; };
		5B5ADD812407FD3E00F22C44 /* Watchapp Extension.appex in Embed App Extensions */ = {isa = PBXBuildFile; fileRef = 5B5ADD802407FD3E00F22C44 /* Watchapp Extension.appex */; settings = {ATTRIBUTES = (RemoveHeadersOnCopy, ); }; };
		5B5ADD8E2407FD3E00F22C44 /* Watchapp.app in Embed Watch Content */ = {isa = PBXBuildFile; fileRef = 5B5ADD742407FD3B00F22C44 /* Watchapp.app */; platformFilter = ios; settings = {ATTRIBUTES = (RemoveHeadersOnCopy, ); }; };
		5B5ADDA22407FD7C00F22C44 /* MealInterfaceController.swift in Sources */ = {isa = PBXBuildFile; fileRef = 5B5ADD972407FD7B00F22C44 /* MealInterfaceController.swift */; };
		5B5ADDA32407FD7C00F22C44 /* MainInterfaceController.swift in Sources */ = {isa = PBXBuildFile; fileRef = 5B5ADD982407FD7B00F22C44 /* MainInterfaceController.swift */; };
		5B5ADDA52407FD7C00F22C44 /* ExtensionDelegate.swift in Sources */ = {isa = PBXBuildFile; fileRef = 5B5ADD9B2407FD7B00F22C44 /* ExtensionDelegate.swift */; };
		5B5ADDA62407FD7C00F22C44 /* Assets.xcassets in Resources */ = {isa = PBXBuildFile; fileRef = 5B5ADD9C2407FD7C00F22C44 /* Assets.xcassets */; };
		5B5ADDA72407FD7C00F22C44 /* InformationRowController.swift in Sources */ = {isa = PBXBuildFile; fileRef = 5B5ADD9E2407FD7C00F22C44 /* InformationRowController.swift */; };
		5B5ADDA82407FD7C00F22C44 /* MealRowController.swift in Sources */ = {isa = PBXBuildFile; fileRef = 5B5ADD9F2407FD7C00F22C44 /* MealRowController.swift */; };
		5B5ADDA92407FD7C00F22C44 /* CounterRowController.swift in Sources */ = {isa = PBXBuildFile; fileRef = 5B5ADDA02407FD7C00F22C44 /* CounterRowController.swift */; };
		5B5ADDAA2407FD7C00F22C44 /* StoffRowController.swift in Sources */ = {isa = PBXBuildFile; fileRef = 5B5ADDA12407FD7C00F22C44 /* StoffRowController.swift */; };
		5B5ADDB22407FD8E00F22C44 /* Assets.xcassets in Resources */ = {isa = PBXBuildFile; fileRef = 5B5ADDAF2407FD8E00F22C44 /* Assets.xcassets */; };
		5B5ADDB82407FDF700F22C44 /* Interface.storyboard in Resources */ = {isa = PBXBuildFile; fileRef = 5B5ADDB72407FDF700F22C44 /* Interface.storyboard */; };
		5B5C8EBC235E5E7700C29E62 /* SettingsTableViewController+SendSupportMail.swift in Sources */ = {isa = PBXBuildFile; fileRef = 5B5C8EBB235E5E7700C29E62 /* SettingsTableViewController+SendSupportMail.swift */; };
		5B5C8EBE235E5EDF00C29E62 /* UIViewController+SafariActions.swift in Sources */ = {isa = PBXBuildFile; fileRef = 5B5C8EBD235E5EDF00C29E62 /* UIViewController+SafariActions.swift */; };
		5B5C8EC3235F2DA500C29E62 /* UIImageView+Download.swift in Sources */ = {isa = PBXBuildFile; fileRef = 5B5C8EC2235F2DA500C29E62 /* UIImageView+Download.swift */; };
		5B629D18238A846400E39C8D /* UIStackView+removeAll.swift in Sources */ = {isa = PBXBuildFile; fileRef = 5B629D17238A846400E39C8D /* UIStackView+removeAll.swift */; };
		5B74FBE92507F78F0084BF9A /* HeinHelpers in Frameworks */ = {isa = PBXBuildFile; productRef = 5B74FBE82507F78F0084BF9A /* HeinHelpers */; };
		5B74FBEB2507F7E80084BF9A /* TipTableViewCell.swift in Sources */ = {isa = PBXBuildFile; fileRef = 5B74FBEA2507F7E80084BF9A /* TipTableViewCell.swift */; };
		5B74FBED25080AB10084BF9A /* SettingsManager.swift in Sources */ = {isa = PBXBuildFile; fileRef = 5B74FBEC25080AB10084BF9A /* SettingsManager.swift */; };
		5BA2CCB32405503900CF6954 /* WatchMessage.swift in Sources */ = {isa = PBXBuildFile; fileRef = 5BA2CCB22405503900CF6954 /* WatchMessage.swift */; };
		5BBEA09524033759005790E9 /* DayTableViewCell.swift in Sources */ = {isa = PBXBuildFile; fileRef = 5BBEA09424033759005790E9 /* DayTableViewCell.swift */; };
		5BC2298D23FCA22300C71FC4 /* MensaContainer.swift in Sources */ = {isa = PBXBuildFile; fileRef = 5BC2298C23FCA22300C71FC4 /* MensaContainer.swift */; };
		5BC7628B237C4F260062CDD3 /* MealTableViewCell.swift in Sources */ = {isa = PBXBuildFile; fileRef = 5B27727B235D102A00E3894B /* MealTableViewCell.swift */; };
		5BC7628D237C4F910062CDD3 /* Settings.storyboard in Resources */ = {isa = PBXBuildFile; fileRef = 5BC7628C237C4F910062CDD3 /* Settings.storyboard */; };
		5BC76291237C65950062CDD3 /* TopAlignedLabel.swift in Sources */ = {isa = PBXBuildFile; fileRef = 5BC76290237C65950062CDD3 /* TopAlignedLabel.swift */; };
		5BC76293237C67E40062CDD3 /* MealTableViewController.swift in Sources */ = {isa = PBXBuildFile; fileRef = 5BC76292237C67E40062CDD3 /* MealTableViewController.swift */; };
		5BCD6862242D1CF3003E5B93 /* SettingsViewController.swift in Sources */ = {isa = PBXBuildFile; fileRef = 5BCD6861242D1CF3003E5B93 /* SettingsViewController.swift */; };
		5BE3438A24DAB89900A6524B /* SettingsMensaLocationTableViewController.swift in Sources */ = {isa = PBXBuildFile; fileRef = 5BE3438924DAB89900A6524B /* SettingsMensaLocationTableViewController.swift */; };
		5BE3438E24DADB8600A6524B /* MainTableViewController+NSToolbar.swift in Sources */ = {isa = PBXBuildFile; fileRef = 5BE3438D24DADB8600A6524B /* MainTableViewController+NSToolbar.swift */; };
		5BE98C14242D06C0009ABBC8 /* MealViewController.swift in Sources */ = {isa = PBXBuildFile; fileRef = 5BE98C13242D06C0009ABBC8 /* MealViewController.swift */; };
		5BEA0A31235DC0BA003E3616 /* SettingsTableViewController.swift in Sources */ = {isa = PBXBuildFile; fileRef = 5BEA0A30235DC0BA003E3616 /* SettingsTableViewController.swift */; };
		5BEA0A33235DC0D0003E3616 /* SettingsTableViewController+TableView.swift in Sources */ = {isa = PBXBuildFile; fileRef = 5BEA0A32235DC0D0003E3616 /* SettingsTableViewController+TableView.swift */; };
		5BEA0A35235DCA55003E3616 /* Model.swift in Sources */ = {isa = PBXBuildFile; fileRef = 5BEA0A34235DCA55003E3616 /* Model.swift */; };
		5BEA0A38235E09AE003E3616 /* Intents.framework in Frameworks */ = {isa = PBXBuildFile; fileRef = 5BEA0A37235E09AE003E3616 /* Intents.framework */; };
		85ADB9EEE116D303B9F40446 /* Pods_Mensaplan.framework in Frameworks */ = {isa = PBXBuildFile; fileRef = C9C7CD9B491C1B7CCAF2535C /* Pods_Mensaplan.framework */; };
		DF10847CD8033634C6A4B3FD /* Pods_Mensaplan.framework in Frameworks */ = {isa = PBXBuildFile; fileRef = 5BF820DC24059B70002945F0 /* Pods_Mensaplan.framework */; };
		F8481CAC784AD8B5051FAFF1 /* Pods_Watchapp_Extension.framework in Frameworks */ = {isa = PBXBuildFile; fileRef = 759064C86D7A9F7C687AD7B4 /* Pods_Watchapp_Extension.framework */; };
/* End PBXBuildFile section */

/* Begin PBXContainerItemProxy section */
		5B5ADD822407FD3E00F22C44 /* PBXContainerItemProxy */ = {
			isa = PBXContainerItemProxy;
			containerPortal = 5B458AD6235A3D7D0027CAE1 /* Project object */;
			proxyType = 1;
			remoteGlobalIDString = 5B5ADD7F2407FD3E00F22C44;
			remoteInfo = "Watchapp Extension";
		};
		5B5ADD8C2407FD3E00F22C44 /* PBXContainerItemProxy */ = {
			isa = PBXContainerItemProxy;
			containerPortal = 5B458AD6235A3D7D0027CAE1 /* Project object */;
			proxyType = 1;
			remoteGlobalIDString = 5B5ADD732407FD3B00F22C44;
			remoteInfo = Watchapp;
		};
/* End PBXContainerItemProxy section */

/* Begin PBXCopyFilesBuildPhase section */
		5B20E15B24042B11001066B4 /* Embed Watch Content */ = {
			isa = PBXCopyFilesBuildPhase;
			buildActionMask = 2147483647;
			dstPath = "$(CONTENTS_FOLDER_PATH)/Watch";
			dstSubfolderSpec = 16;
			files = (
				5B5ADD8E2407FD3E00F22C44 /* Watchapp.app in Embed Watch Content */,
			);
			name = "Embed Watch Content";
			runOnlyForDeploymentPostprocessing = 0;
		};
		5B5ADD912407FD3E00F22C44 /* Embed App Extensions */ = {
			isa = PBXCopyFilesBuildPhase;
			buildActionMask = 2147483647;
			dstPath = "";
			dstSubfolderSpec = 13;
			files = (
				5B5ADD812407FD3E00F22C44 /* Watchapp Extension.appex in Embed App Extensions */,
			);
			name = "Embed App Extensions";
			runOnlyForDeploymentPostprocessing = 0;
		};
/* End PBXCopyFilesBuildPhase section */

/* Begin PBXFileReference section */
		4F77E1A23D2A853A7D7BF893 /* Pods-Mensaplan TV.debug.xcconfig */ = {isa = PBXFileReference; includeInIndex = 1; lastKnownFileType = text.xcconfig; name = "Pods-Mensaplan TV.debug.xcconfig"; path = "Target Support Files/Pods-Mensaplan TV/Pods-Mensaplan TV.debug.xcconfig"; sourceTree = "<group>"; };
		5B06EFA12382CC5C0020FF0E /* MensaDatabase.swift */ = {isa = PBXFileReference; lastKnownFileType = sourcecode.swift; path = MensaDatabase.swift; sourceTree = "<group>"; };
		5B06EFA32382CC6C0020FF0E /* HistoryItem.swift */ = {isa = PBXFileReference; lastKnownFileType = sourcecode.swift; path = HistoryItem.swift; sourceTree = "<group>"; };
		5B06EFA52382CCA10020FF0E /* MainTableViewController+NFC.swift */ = {isa = PBXFileReference; lastKnownFileType = sourcecode.swift; path = "MainTableViewController+NFC.swift"; sourceTree = "<group>"; };
		5B06EFA72382CF000020FF0E /* Double+Rounding.swift */ = {isa = PBXFileReference; lastKnownFileType = sourcecode.swift; path = "Double+Rounding.swift"; sourceTree = "<group>"; };
		5B06EFA92382CF170020FF0E /* Data+HexEnconding.swift */ = {isa = PBXFileReference; lastKnownFileType = sourcecode.swift; path = "Data+HexEnconding.swift"; sourceTree = "<group>"; };
		5B06EFAE2382EE640020FF0E /* de */ = {isa = PBXFileReference; lastKnownFileType = text.plist.strings; name = de; path = de.lproj/Localizable.strings; sourceTree = "<group>"; };
		5B09BB30237058B0004E1981 /* TipJarTableViewController.swift */ = {isa = PBXFileReference; fileEncoding = 4; lastKnownFileType = sourcecode.swift; path = TipJarTableViewController.swift; sourceTree = "<group>"; };
		5B09BB31237058B0004E1981 /* TipJar+Transaction.swift */ = {isa = PBXFileReference; fileEncoding = 4; lastKnownFileType = sourcecode.swift; path = "TipJar+Transaction.swift"; sourceTree = "<group>"; };
		5B09BB32237058B0004E1981 /* TipJar+TableView.swift */ = {isa = PBXFileReference; fileEncoding = 4; lastKnownFileType = sourcecode.swift; path = "TipJar+TableView.swift"; sourceTree = "<group>"; };
		5B09BB3923705A37004E1981 /* UIView+Effects.swift */ = {isa = PBXFileReference; fileEncoding = 4; lastKnownFileType = sourcecode.swift; path = "UIView+Effects.swift"; sourceTree = "<group>"; };
		5B09BB3A23705A37004E1981 /* UserDefaults+Helper.swift */ = {isa = PBXFileReference; fileEncoding = 4; lastKnownFileType = sourcecode.swift; path = "UserDefaults+Helper.swift"; sourceTree = "<group>"; };
		5B09BB3B23705A37004E1981 /* Bundle+Icon.swift */ = {isa = PBXFileReference; fileEncoding = 4; lastKnownFileType = sourcecode.swift; path = "Bundle+Icon.swift"; sourceTree = "<group>"; };
		5B09BB3D23705A37004E1981 /* SKProduct+LocalizedPrice.swift */ = {isa = PBXFileReference; fileEncoding = 4; lastKnownFileType = sourcecode.swift; path = "SKProduct+LocalizedPrice.swift"; sourceTree = "<group>"; };
		5B09BB3E23705A37004E1981 /* Date+Helpers.swift */ = {isa = PBXFileReference; fileEncoding = 4; lastKnownFileType = sourcecode.swift; path = "Date+Helpers.swift"; sourceTree = "<group>"; };
		5B09BB4623705A59004E1981 /* BorderedButton.swift */ = {isa = PBXFileReference; fileEncoding = 4; lastKnownFileType = sourcecode.swift; path = BorderedButton.swift; sourceTree = "<group>"; };
		5B0AE9C023887786005C22A7 /* ImageViewCell.swift */ = {isa = PBXFileReference; lastKnownFileType = sourcecode.swift; path = ImageViewCell.swift; sourceTree = "<group>"; };
		5B18702E235A403E00EF54DF /* MainTableViewController.swift */ = {isa = PBXFileReference; lastKnownFileType = sourcecode.swift; path = MainTableViewController.swift; sourceTree = "<group>"; };
		5B187033235A40E200EF54DF /* MainTableViewController+TableView.swift */ = {isa = PBXFileReference; lastKnownFileType = sourcecode.swift; path = "MainTableViewController+TableView.swift"; sourceTree = "<group>"; };
		5B277274235D033500E3894B /* Data.swift */ = {isa = PBXFileReference; lastKnownFileType = sourcecode.swift; path = Data.swift; sourceTree = "<group>"; };
		5B277277235D0B1900E3894B /* DetailTableViewController.swift */ = {isa = PBXFileReference; lastKnownFileType = sourcecode.swift; path = DetailTableViewController.swift; sourceTree = "<group>"; };
		5B277279235D0B2900E3894B /* DetailTableViewController+TableView.swift */ = {isa = PBXFileReference; lastKnownFileType = sourcecode.swift; path = "DetailTableViewController+TableView.swift"; sourceTree = "<group>"; };
		5B27727B235D102A00E3894B /* MealTableViewCell.swift */ = {isa = PBXFileReference; lastKnownFileType = sourcecode.swift; name = MealTableViewCell.swift; path = Mensaplan/Cells/MealTableViewCell.swift; sourceTree = SOURCE_ROOT; };
		5B2AEB352407050D00C64437 /* Settings-Watch.bundle */ = {isa = PBXFileReference; lastKnownFileType = "wrapper.plug-in"; path = "Settings-Watch.bundle"; sourceTree = "<group>"; };
		5B2DE9EB23608B380064E3AF /* de */ = {isa = PBXFileReference; lastKnownFileType = file.storyboard; name = de; path = de.lproj/LaunchScreen.storyboard; sourceTree = "<group>"; };
		5B2DE9EC23608B380064E3AF /* de */ = {isa = PBXFileReference; lastKnownFileType = file.storyboard; name = de; path = de.lproj/Main.storyboard; sourceTree = "<group>"; };
		5B310372242CDBF30019446D /* Mensaplan.app */ = {isa = PBXFileReference; explicitFileType = wrapper.application; includeInIndex = 0; path = Mensaplan.app; sourceTree = BUILT_PRODUCTS_DIR; };
		5B310374242CDBF30019446D /* AppDelegate.swift */ = {isa = PBXFileReference; lastKnownFileType = sourcecode.swift; path = AppDelegate.swift; sourceTree = "<group>"; };
		5B310376242CDBF30019446D /* MainViewController.swift */ = {isa = PBXFileReference; lastKnownFileType = sourcecode.swift; path = MainViewController.swift; sourceTree = "<group>"; };
		5B310379242CDBF30019446D /* Base */ = {isa = PBXFileReference; lastKnownFileType = file.storyboard; name = Base; path = Base.lproj/Main.storyboard; sourceTree = "<group>"; };
		5B31037B242CDBF50019446D /* Assets.xcassets */ = {isa = PBXFileReference; lastKnownFileType = folder.assetcatalog; path = Assets.xcassets; sourceTree = "<group>"; };
		5B31037E242CDBF50019446D /* Base */ = {isa = PBXFileReference; lastKnownFileType = file.storyboard; name = Base; path = Base.lproj/LaunchScreen.storyboard; sourceTree = "<group>"; };
		5B310380242CDBF50019446D /* Info.plist */ = {isa = PBXFileReference; lastKnownFileType = text.plist.xml; path = Info.plist; sourceTree = "<group>"; };
		5B31038A242CE2000019446D /* DayTableViewCell.swift */ = {isa = PBXFileReference; lastKnownFileType = sourcecode.swift; path = DayTableViewCell.swift; sourceTree = "<group>"; };
		5B31038E242CEEA10019446D /* MainViewController+TableView.swift */ = {isa = PBXFileReference; lastKnownFileType = sourcecode.swift; path = "MainViewController+TableView.swift"; sourceTree = "<group>"; };
		5B310392242CEF4C0019446D /* DetailTableViewController.swift */ = {isa = PBXFileReference; lastKnownFileType = sourcecode.swift; path = DetailTableViewController.swift; sourceTree = "<group>"; };
		5B310394242CF2580019446D /* MealTableViewCell.swift */ = {isa = PBXFileReference; lastKnownFileType = sourcecode.swift; path = MealTableViewCell.swift; sourceTree = "<group>"; };
		5B342F002406E1D300718C95 /* MensaXML.swift */ = {isa = PBXFileReference; lastKnownFileType = sourcecode.swift; path = MensaXML.swift; sourceTree = "<group>"; };
		5B458ADE235A3D7D0027CAE1 /* Mensaplan.app */ = {isa = PBXFileReference; explicitFileType = wrapper.application; includeInIndex = 0; path = Mensaplan.app; sourceTree = BUILT_PRODUCTS_DIR; };
		5B458AE1235A3D7D0027CAE1 /* AppDelegate.swift */ = {isa = PBXFileReference; lastKnownFileType = sourcecode.swift; path = AppDelegate.swift; sourceTree = "<group>"; };
		5B458AEA235A3D7E0027CAE1 /* Assets.xcassets */ = {isa = PBXFileReference; lastKnownFileType = folder.assetcatalog; path = Assets.xcassets; sourceTree = "<group>"; };
		5B458AEF235A3D7E0027CAE1 /* Info.plist */ = {isa = PBXFileReference; lastKnownFileType = text.plist.xml; path = Info.plist; sourceTree = "<group>"; };
		5B458AF8235A3D7E0027CAE1 /* MensaplanUITests.swift */ = {isa = PBXFileReference; lastKnownFileType = sourcecode.swift; path = MensaplanUITests.swift; sourceTree = "<group>"; };
		5B458AFA235A3D7E0027CAE1 /* Info.plist */ = {isa = PBXFileReference; lastKnownFileType = text.plist.xml; path = Info.plist; sourceTree = "<group>"; };
		5B5ADD742407FD3B00F22C44 /* Watchapp.app */ = {isa = PBXFileReference; explicitFileType = wrapper.application; includeInIndex = 0; path = Watchapp.app; sourceTree = BUILT_PRODUCTS_DIR; };
		5B5ADD802407FD3E00F22C44 /* Watchapp Extension.appex */ = {isa = PBXFileReference; explicitFileType = "wrapper.app-extension"; includeInIndex = 0; path = "Watchapp Extension.appex"; sourceTree = BUILT_PRODUCTS_DIR; };
		5B5ADD972407FD7B00F22C44 /* MealInterfaceController.swift */ = {isa = PBXFileReference; fileEncoding = 4; lastKnownFileType = sourcecode.swift; path = MealInterfaceController.swift; sourceTree = "<group>"; };
		5B5ADD982407FD7B00F22C44 /* MainInterfaceController.swift */ = {isa = PBXFileReference; fileEncoding = 4; lastKnownFileType = sourcecode.swift; path = MainInterfaceController.swift; sourceTree = "<group>"; };
		5B5ADD992407FD7B00F22C44 /* Info.plist */ = {isa = PBXFileReference; fileEncoding = 4; lastKnownFileType = text.plist.xml; path = Info.plist; sourceTree = "<group>"; };
		5B5ADD9A2407FD7B00F22C44 /* Watchapp Extension.entitlements */ = {isa = PBXFileReference; fileEncoding = 4; lastKnownFileType = text.plist.entitlements; path = "Watchapp Extension.entitlements"; sourceTree = "<group>"; };
		5B5ADD9B2407FD7B00F22C44 /* ExtensionDelegate.swift */ = {isa = PBXFileReference; fileEncoding = 4; lastKnownFileType = sourcecode.swift; path = ExtensionDelegate.swift; sourceTree = "<group>"; };
		5B5ADD9C2407FD7C00F22C44 /* Assets.xcassets */ = {isa = PBXFileReference; lastKnownFileType = folder.assetcatalog; path = Assets.xcassets; sourceTree = "<group>"; };
		5B5ADD9E2407FD7C00F22C44 /* InformationRowController.swift */ = {isa = PBXFileReference; fileEncoding = 4; lastKnownFileType = sourcecode.swift; path = InformationRowController.swift; sourceTree = "<group>"; };
		5B5ADD9F2407FD7C00F22C44 /* MealRowController.swift */ = {isa = PBXFileReference; fileEncoding = 4; lastKnownFileType = sourcecode.swift; path = MealRowController.swift; sourceTree = "<group>"; };
		5B5ADDA02407FD7C00F22C44 /* CounterRowController.swift */ = {isa = PBXFileReference; fileEncoding = 4; lastKnownFileType = sourcecode.swift; path = CounterRowController.swift; sourceTree = "<group>"; };
		5B5ADDA12407FD7C00F22C44 /* StoffRowController.swift */ = {isa = PBXFileReference; fileEncoding = 4; lastKnownFileType = sourcecode.swift; path = StoffRowController.swift; sourceTree = "<group>"; };
		5B5ADDAB2407FD8E00F22C44 /* Watchapp.entitlements */ = {isa = PBXFileReference; fileEncoding = 4; lastKnownFileType = text.plist.entitlements; path = Watchapp.entitlements; sourceTree = "<group>"; };
		5B5ADDAF2407FD8E00F22C44 /* Assets.xcassets */ = {isa = PBXFileReference; lastKnownFileType = folder.assetcatalog; path = Assets.xcassets; sourceTree = "<group>"; };
		5B5ADDB02407FD8E00F22C44 /* Info.plist */ = {isa = PBXFileReference; fileEncoding = 4; lastKnownFileType = text.plist.xml; path = Info.plist; sourceTree = "<group>"; };
		5B5ADDB72407FDF700F22C44 /* Interface.storyboard */ = {isa = PBXFileReference; fileEncoding = 4; lastKnownFileType = file.storyboard; path = Interface.storyboard; sourceTree = "<group>"; };
		5B5C8EBB235E5E7700C29E62 /* SettingsTableViewController+SendSupportMail.swift */ = {isa = PBXFileReference; lastKnownFileType = sourcecode.swift; path = "SettingsTableViewController+SendSupportMail.swift"; sourceTree = "<group>"; };
		5B5C8EBD235E5EDF00C29E62 /* UIViewController+SafariActions.swift */ = {isa = PBXFileReference; lastKnownFileType = sourcecode.swift; path = "UIViewController+SafariActions.swift"; sourceTree = "<group>"; };
		5B5C8EC2235F2DA500C29E62 /* UIImageView+Download.swift */ = {isa = PBXFileReference; lastKnownFileType = sourcecode.swift; path = "UIImageView+Download.swift"; sourceTree = "<group>"; };
		5B629D17238A846400E39C8D /* UIStackView+removeAll.swift */ = {isa = PBXFileReference; lastKnownFileType = sourcecode.swift; path = "UIStackView+removeAll.swift"; sourceTree = "<group>"; };
		5B629D4C238AB67B00E39C8D /* Mensaplan Info.plist */ = {isa = PBXFileReference; lastKnownFileType = text.plist.xml; name = "Mensaplan Info.plist"; path = "/Users/marchein/Projekte/Private/Mensaplan/Mensaplan Info.plist"; sourceTree = "<absolute>"; };
		5B74FBEA2507F7E80084BF9A /* TipTableViewCell.swift */ = {isa = PBXFileReference; fileEncoding = 4; lastKnownFileType = sourcecode.swift; name = TipTableViewCell.swift; path = "../../../../../../Downloads/Mensaplan-master/Mensaplan/Cells/TipTableViewCell.swift"; sourceTree = "<group>"; };
		5B74FBEC25080AB10084BF9A /* SettingsManager.swift */ = {isa = PBXFileReference; lastKnownFileType = sourcecode.swift; path = SettingsManager.swift; sourceTree = "<group>"; };
		5BA2CCB22405503900CF6954 /* WatchMessage.swift */ = {isa = PBXFileReference; lastKnownFileType = sourcecode.swift; path = WatchMessage.swift; sourceTree = "<group>"; };
		5BBAEA262407DB1B005F8098 /* Mensaplan Mac.entitlements */ = {isa = PBXFileReference; fileEncoding = 4; lastKnownFileType = text.plist.entitlements; path = "Mensaplan Mac.entitlements"; sourceTree = "<group>"; };
		5BBEA09424033759005790E9 /* DayTableViewCell.swift */ = {isa = PBXFileReference; lastKnownFileType = sourcecode.swift; path = DayTableViewCell.swift; sourceTree = "<group>"; };
		5BC2298C23FCA22300C71FC4 /* MensaContainer.swift */ = {isa = PBXFileReference; lastKnownFileType = sourcecode.swift; path = MensaContainer.swift; sourceTree = "<group>"; };
		5BC7628C237C4F910062CDD3 /* Settings.storyboard */ = {isa = PBXFileReference; lastKnownFileType = file.storyboard; path = Settings.storyboard; sourceTree = "<group>"; };
		5BC76290237C65950062CDD3 /* TopAlignedLabel.swift */ = {isa = PBXFileReference; lastKnownFileType = sourcecode.swift; path = TopAlignedLabel.swift; sourceTree = "<group>"; };
		5BC76292237C67E40062CDD3 /* MealTableViewController.swift */ = {isa = PBXFileReference; lastKnownFileType = sourcecode.swift; path = MealTableViewController.swift; sourceTree = "<group>"; };
		5BCD6861242D1CF3003E5B93 /* SettingsViewController.swift */ = {isa = PBXFileReference; lastKnownFileType = sourcecode.swift; path = SettingsViewController.swift; sourceTree = "<group>"; };
		5BE3438924DAB89900A6524B /* SettingsMensaLocationTableViewController.swift */ = {isa = PBXFileReference; lastKnownFileType = sourcecode.swift; path = SettingsMensaLocationTableViewController.swift; sourceTree = "<group>"; };
		5BE3438D24DADB8600A6524B /* MainTableViewController+NSToolbar.swift */ = {isa = PBXFileReference; lastKnownFileType = sourcecode.swift; path = "MainTableViewController+NSToolbar.swift"; sourceTree = "<group>"; };
		5BE98C13242D06C0009ABBC8 /* MealViewController.swift */ = {isa = PBXFileReference; lastKnownFileType = sourcecode.swift; path = MealViewController.swift; sourceTree = "<group>"; };
		5BEA0A30235DC0BA003E3616 /* SettingsTableViewController.swift */ = {isa = PBXFileReference; lastKnownFileType = sourcecode.swift; path = SettingsTableViewController.swift; sourceTree = "<group>"; };
		5BEA0A32235DC0D0003E3616 /* SettingsTableViewController+TableView.swift */ = {isa = PBXFileReference; lastKnownFileType = sourcecode.swift; path = "SettingsTableViewController+TableView.swift"; sourceTree = "<group>"; };
		5BEA0A34235DCA55003E3616 /* Model.swift */ = {isa = PBXFileReference; lastKnownFileType = sourcecode.swift; path = Model.swift; sourceTree = "<group>"; };
		5BEA0A36235E0990003E3616 /* Mensaplan.entitlements */ = {isa = PBXFileReference; lastKnownFileType = text.plist.entitlements; path = Mensaplan.entitlements; sourceTree = "<group>"; };
		5BEA0A37235E09AE003E3616 /* Intents.framework */ = {isa = PBXFileReference; lastKnownFileType = wrapper.framework; name = Intents.framework; path = System/Library/Frameworks/Intents.framework; sourceTree = SDKROOT; };
		5BF820DC24059B70002945F0 /* Pods_Mensaplan.framework */ = {isa = PBXFileReference; explicitFileType = wrapper.framework; path = Pods_Mensaplan.framework; sourceTree = BUILT_PRODUCTS_DIR; };
		5BF9892824042B9C000E0ED3 /* SwiftyXMLParser.framework */ = {isa = PBXFileReference; explicitFileType = wrapper.framework; path = SwiftyXMLParser.framework; sourceTree = BUILT_PRODUCTS_DIR; };
		5BF9892B24042BAB000E0ED3 /* Pods_Mensaplan.framework */ = {isa = PBXFileReference; explicitFileType = wrapper.framework; path = Pods_Mensaplan.framework; sourceTree = BUILT_PRODUCTS_DIR; };
		5BF9892C24042BAB000E0ED3 /* SDWebImage.framework */ = {isa = PBXFileReference; explicitFileType = wrapper.framework; path = SDWebImage.framework; sourceTree = BUILT_PRODUCTS_DIR; };
		5BF9892D24042BAB000E0ED3 /* SwiftyXMLParser.framework */ = {isa = PBXFileReference; explicitFileType = wrapper.framework; path = SwiftyXMLParser.framework; sourceTree = BUILT_PRODUCTS_DIR; };
		5BF9892E24042BAB000E0ED3 /* Toast_Swift.framework */ = {isa = PBXFileReference; explicitFileType = wrapper.framework; path = Toast_Swift.framework; sourceTree = BUILT_PRODUCTS_DIR; };
		728E44357E786E633B0A46F0 /* Pods-Mensaplan.release.xcconfig */ = {isa = PBXFileReference; includeInIndex = 1; lastKnownFileType = text.xcconfig; name = "Pods-Mensaplan.release.xcconfig"; path = "Target Support Files/Pods-Mensaplan/Pods-Mensaplan.release.xcconfig"; sourceTree = "<group>"; };
		759064C86D7A9F7C687AD7B4 /* Pods_Watchapp_Extension.framework */ = {isa = PBXFileReference; explicitFileType = wrapper.framework; includeInIndex = 0; path = Pods_Watchapp_Extension.framework; sourceTree = BUILT_PRODUCTS_DIR; };
		8775A4F28EE1DB8423314597 /* Pods-Watchapp Extension.release.xcconfig */ = {isa = PBXFileReference; includeInIndex = 1; lastKnownFileType = text.xcconfig; name = "Pods-Watchapp Extension.release.xcconfig"; path = "Target Support Files/Pods-Watchapp Extension/Pods-Watchapp Extension.release.xcconfig"; sourceTree = "<group>"; };
		B812F5F8059DADE15B29FBA1 /* Pods_Mensaplan_TV.framework */ = {isa = PBXFileReference; explicitFileType = wrapper.framework; includeInIndex = 0; path = Pods_Mensaplan_TV.framework; sourceTree = BUILT_PRODUCTS_DIR; };
		C9C7CD9B491C1B7CCAF2535C /* Pods_Mensaplan.framework */ = {isa = PBXFileReference; explicitFileType = wrapper.framework; includeInIndex = 0; path = Pods_Mensaplan.framework; sourceTree = BUILT_PRODUCTS_DIR; };
		CDEF82407B12875AC2C1E7A9 /* Pods-Mensaplan.debug.xcconfig */ = {isa = PBXFileReference; includeInIndex = 1; lastKnownFileType = text.xcconfig; name = "Pods-Mensaplan.debug.xcconfig"; path = "Target Support Files/Pods-Mensaplan/Pods-Mensaplan.debug.xcconfig"; sourceTree = "<group>"; };
		EA8A8D0081A324820D0DC511 /* Pods-Mensaplan TV.release.xcconfig */ = {isa = PBXFileReference; includeInIndex = 1; lastKnownFileType = text.xcconfig; name = "Pods-Mensaplan TV.release.xcconfig"; path = "Target Support Files/Pods-Mensaplan TV/Pods-Mensaplan TV.release.xcconfig"; sourceTree = "<group>"; };
		F8909D12C83F3919AAAD2686 /* Pods-Watchapp Extension.debug.xcconfig */ = {isa = PBXFileReference; includeInIndex = 1; lastKnownFileType = text.xcconfig; name = "Pods-Watchapp Extension.debug.xcconfig"; path = "Target Support Files/Pods-Watchapp Extension/Pods-Watchapp Extension.debug.xcconfig"; sourceTree = "<group>"; };
/* End PBXFileReference section */

/* Begin PBXFrameworksBuildPhase section */
		5B31036F242CDBF30019446D /* Frameworks */ = {
			isa = PBXFrameworksBuildPhase;
			buildActionMask = 2147483647;
			files = (
				39C7455E5221A41096AB6E8C /* Pods_Mensaplan_TV.framework in Frameworks */,
			);
			runOnlyForDeploymentPostprocessing = 0;
		};
		5B458ADB235A3D7D0027CAE1 /* Frameworks */ = {
			isa = PBXFrameworksBuildPhase;
			buildActionMask = 2147483647;
			files = (
				5BEA0A38235E09AE003E3616 /* Intents.framework in Frameworks */,
				85ADB9EEE116D303B9F40446 /* Pods_Mensaplan.framework in Frameworks */,
				5B74FBE92507F78F0084BF9A /* HeinHelpers in Frameworks */,
				DF10847CD8033634C6A4B3FD /* Pods_Mensaplan.framework in Frameworks */,
			);
			runOnlyForDeploymentPostprocessing = 0;
		};
		5B5ADD7D2407FD3E00F22C44 /* Frameworks */ = {
			isa = PBXFrameworksBuildPhase;
			buildActionMask = 2147483647;
			files = (
				F8481CAC784AD8B5051FAFF1 /* Pods_Watchapp_Extension.framework in Frameworks */,
			);
			runOnlyForDeploymentPostprocessing = 0;
		};
		F584CEE121DED46684EFEDCB /* Frameworks */ = {
			isa = PBXFrameworksBuildPhase;
			buildActionMask = 2147483647;
			files = (
			);
			runOnlyForDeploymentPostprocessing = 0;
		};
/* End PBXFrameworksBuildPhase section */

/* Begin PBXGroup section */
		3CC711BAEDFFBD9CFA2C533F /* Frameworks */ = {
			isa = PBXGroup;
			children = (
				5BF820DC24059B70002945F0 /* Pods_Mensaplan.framework */,
				5BF9892C24042BAB000E0ED3 /* SDWebImage.framework */,
				5BF9892D24042BAB000E0ED3 /* SwiftyXMLParser.framework */,
				5BF9892E24042BAB000E0ED3 /* Toast_Swift.framework */,
				5BF9892824042B9C000E0ED3 /* SwiftyXMLParser.framework */,
				5BEA0A37235E09AE003E3616 /* Intents.framework */,
				C9C7CD9B491C1B7CCAF2535C /* Pods_Mensaplan.framework */,
				759064C86D7A9F7C687AD7B4 /* Pods_Watchapp_Extension.framework */,
				B812F5F8059DADE15B29FBA1 /* Pods_Mensaplan_TV.framework */,
			);
			name = Frameworks;
			sourceTree = "<group>";
		};
		5B09BB2F237058B0004E1981 /* TipJar */ = {
			isa = PBXGroup;
			children = (
				5B09BB30237058B0004E1981 /* TipJarTableViewController.swift */,
				5B09BB31237058B0004E1981 /* TipJar+Transaction.swift */,
				5B09BB32237058B0004E1981 /* TipJar+TableView.swift */,
			);
			path = TipJar;
			sourceTree = "<group>";
		};
		5B09BB3623705A03004E1981 /* Cells */ = {
			isa = PBXGroup;
			children = (
				5B27727B235D102A00E3894B /* MealTableViewCell.swift */,
				5B0AE9C023887786005C22A7 /* ImageViewCell.swift */,
				5BBEA09424033759005790E9 /* DayTableViewCell.swift */,
				5B74FBEA2507F7E80084BF9A /* TipTableViewCell.swift */,
			);
			path = Cells;
			sourceTree = "<group>";
		};
		5B09BB4523705A47004E1981 /* Custom Views */ = {
			isa = PBXGroup;
			children = (
				5B09BB4623705A59004E1981 /* BorderedButton.swift */,
				5BC76290237C65950062CDD3 /* TopAlignedLabel.swift */,
			);
			path = "Custom Views";
			sourceTree = "<group>";
		};
		5B187030235A40AC00EF54DF /* Views */ = {
			isa = PBXGroup;
			children = (
				5B187032235A40CC00EF54DF /* Main */,
				5B277276235D0B0100E3894B /* DetailView */,
				5B5C8EC1235F2B2C00C29E62 /* MealView */,
				5BEA0A2F235DC0A0003E3616 /* Settings */,
			);
			path = Views;
			sourceTree = "<group>";
		};
		5B187031235A40B700EF54DF /* Storyboards */ = {
			isa = PBXGroup;
			children = (
				5B458AE7235A3D7D0027CAE1 /* Main.storyboard */,
				5BC7628C237C4F910062CDD3 /* Settings.storyboard */,
				5B458AEC235A3D7E0027CAE1 /* LaunchScreen.storyboard */,
			);
			path = Storyboards;
			sourceTree = "<group>";
		};
		5B187032235A40CC00EF54DF /* Main */ = {
			isa = PBXGroup;
			children = (
				5B18702E235A403E00EF54DF /* MainTableViewController.swift */,
				5B187033235A40E200EF54DF /* MainTableViewController+TableView.swift */,
				5B06EFA52382CCA10020FF0E /* MainTableViewController+NFC.swift */,
				5BE3438D24DADB8600A6524B /* MainTableViewController+NSToolbar.swift */,
			);
			path = Main;
			sourceTree = "<group>";
		};
		5B277276235D0B0100E3894B /* DetailView */ = {
			isa = PBXGroup;
			children = (
				5B277277235D0B1900E3894B /* DetailTableViewController.swift */,
				5B277279235D0B2900E3894B /* DetailTableViewController+TableView.swift */,
			);
			path = DetailView;
			sourceTree = "<group>";
		};
		5B310373242CDBF30019446D /* Mensaplan TV */ = {
			isa = PBXGroup;
			children = (
				5B31038D242CEE7C0019446D /* Views */,
				5B310389242CE1E70019446D /* Cells */,
				5B310374242CDBF30019446D /* AppDelegate.swift */,
				5B310378242CDBF30019446D /* Main.storyboard */,
				5B31037D242CDBF50019446D /* LaunchScreen.storyboard */,
				5B31037B242CDBF50019446D /* Assets.xcassets */,
				5B310380242CDBF50019446D /* Info.plist */,
			);
			path = "Mensaplan TV";
			sourceTree = "<group>";
		};
		5B310389242CE1E70019446D /* Cells */ = {
			isa = PBXGroup;
			children = (
				5B31038A242CE2000019446D /* DayTableViewCell.swift */,
				5B310394242CF2580019446D /* MealTableViewCell.swift */,
			);
			path = Cells;
			sourceTree = "<group>";
		};
		5B31038D242CEE7C0019446D /* Views */ = {
			isa = PBXGroup;
			children = (
				5B310390242CEF230019446D /* Main */,
				5B310391242CEF320019446D /* DetailView */,
				5BE98C12242D06A8009ABBC8 /* MealView */,
				5BCD6860242D1CDA003E5B93 /* Settings */,
			);
			path = Views;
			sourceTree = "<group>";
		};
		5B310390242CEF230019446D /* Main */ = {
			isa = PBXGroup;
			children = (
				5B310376242CDBF30019446D /* MainViewController.swift */,
				5B31038E242CEEA10019446D /* MainViewController+TableView.swift */,
			);
			path = Main;
			sourceTree = "<group>";
		};
		5B310391242CEF320019446D /* DetailView */ = {
			isa = PBXGroup;
			children = (
				5B310392242CEF4C0019446D /* DetailTableViewController.swift */,
			);
			path = DetailView;
			sourceTree = "<group>";
		};
		5B458AD5235A3D7D0027CAE1 = {
			isa = PBXGroup;
			children = (
				5B458AE0235A3D7D0027CAE1 /* Mensaplan */,
				5B458AF7235A3D7E0027CAE1 /* MensaplanUITests */,
				5B5ADD752407FD3B00F22C44 /* Watchapp */,
				5B5ADD842407FD3E00F22C44 /* Watchapp Extension */,
				5B310373242CDBF30019446D /* Mensaplan TV */,
				5B458ADF235A3D7D0027CAE1 /* Products */,
				845D45492358EE53AC8ABB18 /* Pods */,
				3CC711BAEDFFBD9CFA2C533F /* Frameworks */,
				5BC2298B23FC9F2E00C71FC4 /* Recovered References */,
			);
			sourceTree = "<group>";
		};
		5B458ADF235A3D7D0027CAE1 /* Products */ = {
			isa = PBXGroup;
			children = (
				5B458ADE235A3D7D0027CAE1 /* Mensaplan.app */,
				5B5ADD742407FD3B00F22C44 /* Watchapp.app */,
				5B5ADD802407FD3E00F22C44 /* Watchapp Extension.appex */,
				5B310372242CDBF30019446D /* Mensaplan.app */,
			);
			name = Products;
			sourceTree = "<group>";
		};
		5B458AE0235A3D7D0027CAE1 /* Mensaplan */ = {
			isa = PBXGroup;
			children = (
				5B09BB4523705A47004E1981 /* Custom Views */,
				5B09BB3623705A03004E1981 /* Cells */,
				5B187030235A40AC00EF54DF /* Views */,
				5B187031235A40B700EF54DF /* Storyboards */,
				5B5C8EC7235F372F00C29E62 /* Data */,
				5B5C8EC6235F372100C29E62 /* Extensions */,
				5B458AEA235A3D7E0027CAE1 /* Assets.xcassets */,
				5B458AE1235A3D7D0027CAE1 /* AppDelegate.swift */,
				5B458AEF235A3D7E0027CAE1 /* Info.plist */,
				5B06EFAF2382EE640020FF0E /* Localizable.strings */,
				5BEA0A36235E0990003E3616 /* Mensaplan.entitlements */,
				5BBAEA262407DB1B005F8098 /* Mensaplan Mac.entitlements */,
				5B629D4C238AB67B00E39C8D /* Mensaplan Info.plist */,
				5B2AEB352407050D00C64437 /* Settings-Watch.bundle */,
			);
			path = Mensaplan;
			sourceTree = "<group>";
		};
		5B458AF7235A3D7E0027CAE1 /* MensaplanUITests */ = {
			isa = PBXGroup;
			children = (
				5B458AF8235A3D7E0027CAE1 /* MensaplanUITests.swift */,
				5B458AFA235A3D7E0027CAE1 /* Info.plist */,
			);
			path = MensaplanUITests;
			sourceTree = "<group>";
		};
		5B5ADD752407FD3B00F22C44 /* Watchapp */ = {
			isa = PBXGroup;
			children = (
				5B5ADDB72407FDF700F22C44 /* Interface.storyboard */,
				5B5ADDAF2407FD8E00F22C44 /* Assets.xcassets */,
				5B5ADDB02407FD8E00F22C44 /* Info.plist */,
				5B5ADDAB2407FD8E00F22C44 /* Watchapp.entitlements */,
			);
			path = Watchapp;
			sourceTree = "<group>";
		};
		5B5ADD842407FD3E00F22C44 /* Watchapp Extension */ = {
			isa = PBXGroup;
			children = (
				5B5ADD962407FD7B00F22C44 /* Interfaces */,
				5B5ADD9D2407FD7C00F22C44 /* Rows */,
				5B5ADD9B2407FD7B00F22C44 /* ExtensionDelegate.swift */,
				5B5ADD9C2407FD7C00F22C44 /* Assets.xcassets */,
				5B5ADD992407FD7B00F22C44 /* Info.plist */,
				5B5ADD9A2407FD7B00F22C44 /* Watchapp Extension.entitlements */,
			);
			path = "Watchapp Extension";
			sourceTree = "<group>";
		};
		5B5ADD962407FD7B00F22C44 /* Interfaces */ = {
			isa = PBXGroup;
			children = (
				5B5ADD982407FD7B00F22C44 /* MainInterfaceController.swift */,
				5B5ADD972407FD7B00F22C44 /* MealInterfaceController.swift */,
			);
			path = Interfaces;
			sourceTree = "<group>";
		};
		5B5ADD9D2407FD7C00F22C44 /* Rows */ = {
			isa = PBXGroup;
			children = (
				5B5ADD9E2407FD7C00F22C44 /* InformationRowController.swift */,
				5B5ADD9F2407FD7C00F22C44 /* MealRowController.swift */,
				5B5ADDA02407FD7C00F22C44 /* CounterRowController.swift */,
				5B5ADDA12407FD7C00F22C44 /* StoffRowController.swift */,
			);
			path = Rows;
			sourceTree = "<group>";
		};
		5B5C8EC1235F2B2C00C29E62 /* MealView */ = {
			isa = PBXGroup;
			children = (
				5BC76292237C67E40062CDD3 /* MealTableViewController.swift */,
			);
			path = MealView;
			sourceTree = "<group>";
		};
		5B5C8EC6235F372100C29E62 /* Extensions */ = {
			isa = PBXGroup;
			children = (
				5B5C8EBD235E5EDF00C29E62 /* UIViewController+SafariActions.swift */,
				5B5C8EC2235F2DA500C29E62 /* UIImageView+Download.swift */,
				5B09BB3B23705A37004E1981 /* Bundle+Icon.swift */,
				5B09BB3E23705A37004E1981 /* Date+Helpers.swift */,
				5B09BB3D23705A37004E1981 /* SKProduct+LocalizedPrice.swift */,
				5B09BB3923705A37004E1981 /* UIView+Effects.swift */,
				5B09BB3A23705A37004E1981 /* UserDefaults+Helper.swift */,
				5B06EFA72382CF000020FF0E /* Double+Rounding.swift */,
				5B06EFA92382CF170020FF0E /* Data+HexEnconding.swift */,
				5B629D17238A846400E39C8D /* UIStackView+removeAll.swift */,
			);
			path = Extensions;
			sourceTree = "<group>";
		};
		5B5C8EC7235F372F00C29E62 /* Data */ = {
			isa = PBXGroup;
			children = (
				5BC2298C23FCA22300C71FC4 /* MensaContainer.swift */,
				5B342F002406E1D300718C95 /* MensaXML.swift */,
				5B277274235D033500E3894B /* Data.swift */,
				5B06EFA12382CC5C0020FF0E /* MensaDatabase.swift */,
				5B06EFA32382CC6C0020FF0E /* HistoryItem.swift */,
				5BEA0A34235DCA55003E3616 /* Model.swift */,
				5BA2CCB22405503900CF6954 /* WatchMessage.swift */,
				5B74FBEC25080AB10084BF9A /* SettingsManager.swift */,
			);
			path = Data;
			sourceTree = "<group>";
		};
		5BC2298B23FC9F2E00C71FC4 /* Recovered References */ = {
			isa = PBXGroup;
			children = (
				5BF9892B24042BAB000E0ED3 /* Pods_Mensaplan.framework */,
			);
			name = "Recovered References";
			sourceTree = "<group>";
		};
		5BCD6860242D1CDA003E5B93 /* Settings */ = {
			isa = PBXGroup;
			children = (
				5BCD6861242D1CF3003E5B93 /* SettingsViewController.swift */,
			);
			path = Settings;
			sourceTree = "<group>";
		};
		5BE3438824DAB87100A6524B /* MensaLocation */ = {
			isa = PBXGroup;
			children = (
				5BE3438924DAB89900A6524B /* SettingsMensaLocationTableViewController.swift */,
			);
			path = MensaLocation;
			sourceTree = "<group>";
		};
		5BE98C12242D06A8009ABBC8 /* MealView */ = {
			isa = PBXGroup;
			children = (
				5BE98C13242D06C0009ABBC8 /* MealViewController.swift */,
			);
			path = MealView;
			sourceTree = "<group>";
		};
		5BEA0A2F235DC0A0003E3616 /* Settings */ = {
			isa = PBXGroup;
			children = (
				5BE3438824DAB87100A6524B /* MensaLocation */,
				5B09BB2F237058B0004E1981 /* TipJar */,
				5BEA0A30235DC0BA003E3616 /* SettingsTableViewController.swift */,
				5BEA0A32235DC0D0003E3616 /* SettingsTableViewController+TableView.swift */,
				5B5C8EBB235E5E7700C29E62 /* SettingsTableViewController+SendSupportMail.swift */,
			);
			path = Settings;
			sourceTree = "<group>";
		};
		845D45492358EE53AC8ABB18 /* Pods */ = {
			isa = PBXGroup;
			children = (
				F8909D12C83F3919AAAD2686 /* Pods-Watchapp Extension.debug.xcconfig */,
				8775A4F28EE1DB8423314597 /* Pods-Watchapp Extension.release.xcconfig */,
				4F77E1A23D2A853A7D7BF893 /* Pods-Mensaplan TV.debug.xcconfig */,
				EA8A8D0081A324820D0DC511 /* Pods-Mensaplan TV.release.xcconfig */,
				CDEF82407B12875AC2C1E7A9 /* Pods-Mensaplan.debug.xcconfig */,
				728E44357E786E633B0A46F0 /* Pods-Mensaplan.release.xcconfig */,
			);
			path = Pods;
			sourceTree = "<group>";
		};
/* End PBXGroup section */

/* Begin PBXNativeTarget section */
		5B310371242CDBF30019446D /* Mensaplan TV */ = {
			isa = PBXNativeTarget;
			buildConfigurationList = 5B310383242CDBF50019446D /* Build configuration list for PBXNativeTarget "Mensaplan TV" */;
			buildPhases = (
				920B9A3B5803F80CE98FC414 /* [CP] Check Pods Manifest.lock */,
				5B31036E242CDBF30019446D /* Sources */,
				5B31036F242CDBF30019446D /* Frameworks */,
				5B310370242CDBF30019446D /* Resources */,
				765165400A1F4C3F5018591A /* [CP] Embed Pods Frameworks */,
			);
			buildRules = (
			);
			dependencies = (
			);
			name = "Mensaplan TV";
			productName = "Mensaplan TV";
			productReference = 5B310372242CDBF30019446D /* Mensaplan.app */;
			productType = "com.apple.product-type.application";
		};
		5B458ADD235A3D7D0027CAE1 /* Mensaplan */ = {
			isa = PBXNativeTarget;
			buildConfigurationList = 5B458AFD235A3D7E0027CAE1 /* Build configuration list for PBXNativeTarget "Mensaplan" */;
			buildPhases = (
				B2E681AAC9222B03DD7792D8 /* [CP] Check Pods Manifest.lock */,
				5B458ADA235A3D7D0027CAE1 /* Sources */,
				5B458ADB235A3D7D0027CAE1 /* Frameworks */,
				5B458ADC235A3D7D0027CAE1 /* Resources */,
				5B20E15B24042B11001066B4 /* Embed Watch Content */,
				6136B3D231684D0D25E0992D /* [CP] Embed Pods Frameworks */,
			);
			buildRules = (
			);
			dependencies = (
				5B5ADD8D2407FD3E00F22C44 /* PBXTargetDependency */,
			);
			name = Mensaplan;
			packageProductDependencies = (
				5B74FBE82507F78F0084BF9A /* HeinHelpers */,
			);
			productName = Mensaplan;
			productReference = 5B458ADE235A3D7D0027CAE1 /* Mensaplan.app */;
			productType = "com.apple.product-type.application";
		};
		5B5ADD732407FD3B00F22C44 /* Watchapp */ = {
			isa = PBXNativeTarget;
			buildConfigurationList = 5B5ADD952407FD3E00F22C44 /* Build configuration list for PBXNativeTarget "Watchapp" */;
			buildPhases = (
				5B5ADD722407FD3B00F22C44 /* Resources */,
				5B5ADD912407FD3E00F22C44 /* Embed App Extensions */,
				F584CEE121DED46684EFEDCB /* Frameworks */,
			);
			buildRules = (
			);
			dependencies = (
				5B5ADD832407FD3E00F22C44 /* PBXTargetDependency */,
			);
			name = Watchapp;
			productName = Watchapp;
			productReference = 5B5ADD742407FD3B00F22C44 /* Watchapp.app */;
			productType = "com.apple.product-type.application.watchapp2";
		};
		5B5ADD7F2407FD3E00F22C44 /* Watchapp Extension */ = {
			isa = PBXNativeTarget;
			buildConfigurationList = 5B5ADD942407FD3E00F22C44 /* Build configuration list for PBXNativeTarget "Watchapp Extension" */;
			buildPhases = (
				7FB5081A1DBCD7FCA04527C1 /* [CP] Check Pods Manifest.lock */,
				5B5ADD7C2407FD3E00F22C44 /* Sources */,
				5B5ADD7D2407FD3E00F22C44 /* Frameworks */,
				5B5ADD7E2407FD3E00F22C44 /* Resources */,
				7CFB45419B3CED73EEFD71FA /* [CP] Embed Pods Frameworks */,
			);
			buildRules = (
			);
			dependencies = (
			);
			name = "Watchapp Extension";
			productName = "Watchapp Extension";
			productReference = 5B5ADD802407FD3E00F22C44 /* Watchapp Extension.appex */;
			productType = "com.apple.product-type.watchkit2-extension";
		};
/* End PBXNativeTarget section */

/* Begin PBXProject section */
		5B458AD6235A3D7D0027CAE1 /* Project object */ = {
			isa = PBXProject;
			attributes = {
				LastSwiftUpdateCheck = 1140;
				LastUpgradeCheck = 1140;
				ORGANIZATIONNAME = "Marc Hein";
				TargetAttributes = {
					5B310371242CDBF30019446D = {
						CreatedOnToolsVersion = 11.4;
					};
					5B458ADD235A3D7D0027CAE1 = {
						CreatedOnToolsVersion = 11.1;
					};
					5B5ADD732407FD3B00F22C44 = {
						CreatedOnToolsVersion = 11.3.1;
					};
					5B5ADD7F2407FD3E00F22C44 = {
						CreatedOnToolsVersion = 11.3.1;
						LastSwiftMigration = 1130;
					};
				};
			};
			buildConfigurationList = 5B458AD9235A3D7D0027CAE1 /* Build configuration list for PBXProject "Mensaplan" */;
			compatibilityVersion = "Xcode 9.3";
			developmentRegion = de;
			hasScannedForEncodings = 0;
			knownRegions = (
				de,
				Base,
			);
			mainGroup = 5B458AD5235A3D7D0027CAE1;
			packageReferences = (
				5B74FBE72507F78F0084BF9A /* XCRemoteSwiftPackageReference "HeinHelpers" */,
			);
			productRefGroup = 5B458ADF235A3D7D0027CAE1 /* Products */;
			projectDirPath = "";
			projectRoot = "";
			targets = (
				5B458ADD235A3D7D0027CAE1 /* Mensaplan */,
				5B5ADD732407FD3B00F22C44 /* Watchapp */,
				5B5ADD7F2407FD3E00F22C44 /* Watchapp Extension */,
				5B310371242CDBF30019446D /* Mensaplan TV */,
			);
		};
/* End PBXProject section */

/* Begin PBXResourcesBuildPhase section */
		5B310370242CDBF30019446D /* Resources */ = {
			isa = PBXResourcesBuildPhase;
			buildActionMask = 2147483647;
			files = (
				5B31037F242CDBF50019446D /* LaunchScreen.storyboard in Resources */,
				5B31037C242CDBF50019446D /* Assets.xcassets in Resources */,
				5B310396242CF41A0019446D /* Assets.xcassets in Resources */,
				5B31037A242CDBF30019446D /* Main.storyboard in Resources */,
			);
			runOnlyForDeploymentPostprocessing = 0;
		};
		5B458ADC235A3D7D0027CAE1 /* Resources */ = {
			isa = PBXResourcesBuildPhase;
			buildActionMask = 2147483647;
			files = (
				5B06EFAD2382EE640020FF0E /* Localizable.strings in Resources */,
				5B458AEE235A3D7E0027CAE1 /* LaunchScreen.storyboard in Resources */,
				5B2AEB362407050D00C64437 /* Settings-Watch.bundle in Resources */,
				5B458AEB235A3D7E0027CAE1 /* Assets.xcassets in Resources */,
				5B458AE9235A3D7D0027CAE1 /* Main.storyboard in Resources */,
				5BC7628D237C4F910062CDD3 /* Settings.storyboard in Resources */,
			);
			runOnlyForDeploymentPostprocessing = 0;
		};
		5B5ADD722407FD3B00F22C44 /* Resources */ = {
			isa = PBXResourcesBuildPhase;
			buildActionMask = 2147483647;
			files = (
				5B5ADDB22407FD8E00F22C44 /* Assets.xcassets in Resources */,
				5B5ADDB82407FDF700F22C44 /* Interface.storyboard in Resources */,
			);
			runOnlyForDeploymentPostprocessing = 0;
		};
		5B5ADD7E2407FD3E00F22C44 /* Resources */ = {
			isa = PBXResourcesBuildPhase;
			buildActionMask = 2147483647;
			files = (
				5B5ADDA62407FD7C00F22C44 /* Assets.xcassets in Resources */,
			);
			runOnlyForDeploymentPostprocessing = 0;
		};
/* End PBXResourcesBuildPhase section */

/* Begin PBXShellScriptBuildPhase section */
		6136B3D231684D0D25E0992D /* [CP] Embed Pods Frameworks */ = {
			isa = PBXShellScriptBuildPhase;
			buildActionMask = 2147483647;
			files = (
			);
			inputFileListPaths = (
				"${PODS_ROOT}/Target Support Files/Pods-Mensaplan/Pods-Mensaplan-frameworks-${CONFIGURATION}-input-files.xcfilelist",
			);
			name = "[CP] Embed Pods Frameworks";
			outputFileListPaths = (
				"${PODS_ROOT}/Target Support Files/Pods-Mensaplan/Pods-Mensaplan-frameworks-${CONFIGURATION}-output-files.xcfilelist",
			);
			runOnlyForDeploymentPostprocessing = 0;
			shellPath = /bin/sh;
			shellScript = "\"${PODS_ROOT}/Target Support Files/Pods-Mensaplan/Pods-Mensaplan-frameworks.sh\"\n";
			showEnvVarsInLog = 0;
		};
		765165400A1F4C3F5018591A /* [CP] Embed Pods Frameworks */ = {
			isa = PBXShellScriptBuildPhase;
			buildActionMask = 2147483647;
			files = (
			);
			inputFileListPaths = (
				"${PODS_ROOT}/Target Support Files/Pods-Mensaplan TV/Pods-Mensaplan TV-frameworks-${CONFIGURATION}-input-files.xcfilelist",
			);
			name = "[CP] Embed Pods Frameworks";
			outputFileListPaths = (
				"${PODS_ROOT}/Target Support Files/Pods-Mensaplan TV/Pods-Mensaplan TV-frameworks-${CONFIGURATION}-output-files.xcfilelist",
			);
			runOnlyForDeploymentPostprocessing = 0;
			shellPath = /bin/sh;
			shellScript = "\"${PODS_ROOT}/Target Support Files/Pods-Mensaplan TV/Pods-Mensaplan TV-frameworks.sh\"\n";
			showEnvVarsInLog = 0;
		};
		7CFB45419B3CED73EEFD71FA /* [CP] Embed Pods Frameworks */ = {
			isa = PBXShellScriptBuildPhase;
			buildActionMask = 2147483647;
			files = (
			);
			inputFileListPaths = (
				"${PODS_ROOT}/Target Support Files/Pods-Watchapp Extension/Pods-Watchapp Extension-frameworks-${CONFIGURATION}-input-files.xcfilelist",
			);
			name = "[CP] Embed Pods Frameworks";
			outputFileListPaths = (
				"${PODS_ROOT}/Target Support Files/Pods-Watchapp Extension/Pods-Watchapp Extension-frameworks-${CONFIGURATION}-output-files.xcfilelist",
			);
			runOnlyForDeploymentPostprocessing = 0;
			shellPath = /bin/sh;
			shellScript = "\"${PODS_ROOT}/Target Support Files/Pods-Watchapp Extension/Pods-Watchapp Extension-frameworks.sh\"\n";
			showEnvVarsInLog = 0;
		};
		7FB5081A1DBCD7FCA04527C1 /* [CP] Check Pods Manifest.lock */ = {
			isa = PBXShellScriptBuildPhase;
			buildActionMask = 2147483647;
			files = (
			);
			inputFileListPaths = (
			);
			inputPaths = (
				"${PODS_PODFILE_DIR_PATH}/Podfile.lock",
				"${PODS_ROOT}/Manifest.lock",
			);
			name = "[CP] Check Pods Manifest.lock";
			outputFileListPaths = (
			);
			outputPaths = (
				"$(DERIVED_FILE_DIR)/Pods-Watchapp Extension-checkManifestLockResult.txt",
			);
			runOnlyForDeploymentPostprocessing = 0;
			shellPath = /bin/sh;
			shellScript = "diff \"${PODS_PODFILE_DIR_PATH}/Podfile.lock\" \"${PODS_ROOT}/Manifest.lock\" > /dev/null\nif [ $? != 0 ] ; then\n    # print error to STDERR\n    echo \"error: The sandbox is not in sync with the Podfile.lock. Run 'pod install' or update your CocoaPods installation.\" >&2\n    exit 1\nfi\n# This output is used by Xcode 'outputs' to avoid re-running this script phase.\necho \"SUCCESS\" > \"${SCRIPT_OUTPUT_FILE_0}\"\n";
			showEnvVarsInLog = 0;
		};
		920B9A3B5803F80CE98FC414 /* [CP] Check Pods Manifest.lock */ = {
			isa = PBXShellScriptBuildPhase;
			buildActionMask = 2147483647;
			files = (
			);
			inputFileListPaths = (
			);
			inputPaths = (
				"${PODS_PODFILE_DIR_PATH}/Podfile.lock",
				"${PODS_ROOT}/Manifest.lock",
			);
			name = "[CP] Check Pods Manifest.lock";
			outputFileListPaths = (
			);
			outputPaths = (
				"$(DERIVED_FILE_DIR)/Pods-Mensaplan TV-checkManifestLockResult.txt",
			);
			runOnlyForDeploymentPostprocessing = 0;
			shellPath = /bin/sh;
			shellScript = "diff \"${PODS_PODFILE_DIR_PATH}/Podfile.lock\" \"${PODS_ROOT}/Manifest.lock\" > /dev/null\nif [ $? != 0 ] ; then\n    # print error to STDERR\n    echo \"error: The sandbox is not in sync with the Podfile.lock. Run 'pod install' or update your CocoaPods installation.\" >&2\n    exit 1\nfi\n# This output is used by Xcode 'outputs' to avoid re-running this script phase.\necho \"SUCCESS\" > \"${SCRIPT_OUTPUT_FILE_0}\"\n";
			showEnvVarsInLog = 0;
		};
		B2E681AAC9222B03DD7792D8 /* [CP] Check Pods Manifest.lock */ = {
			isa = PBXShellScriptBuildPhase;
			buildActionMask = 2147483647;
			files = (
			);
			inputFileListPaths = (
			);
			inputPaths = (
				"${PODS_PODFILE_DIR_PATH}/Podfile.lock",
				"${PODS_ROOT}/Manifest.lock",
			);
			name = "[CP] Check Pods Manifest.lock";
			outputFileListPaths = (
			);
			outputPaths = (
				"$(DERIVED_FILE_DIR)/Pods-Mensaplan-checkManifestLockResult.txt",
			);
			runOnlyForDeploymentPostprocessing = 0;
			shellPath = /bin/sh;
			shellScript = "diff \"${PODS_PODFILE_DIR_PATH}/Podfile.lock\" \"${PODS_ROOT}/Manifest.lock\" > /dev/null\nif [ $? != 0 ] ; then\n    # print error to STDERR\n    echo \"error: The sandbox is not in sync with the Podfile.lock. Run 'pod install' or update your CocoaPods installation.\" >&2\n    exit 1\nfi\n# This output is used by Xcode 'outputs' to avoid re-running this script phase.\necho \"SUCCESS\" > \"${SCRIPT_OUTPUT_FILE_0}\"\n";
			showEnvVarsInLog = 0;
		};
/* End PBXShellScriptBuildPhase section */

/* Begin PBXSourcesBuildPhase section */
		5B31036E242CDBF30019446D /* Sources */ = {
			isa = PBXSourcesBuildPhase;
			buildActionMask = 2147483647;
			files = (
				5B310386242CDCD60019446D /* Model.swift in Sources */,
				5B310395242CF2580019446D /* MealTableViewCell.swift in Sources */,
				5B31038F242CEEA10019446D /* MainViewController+TableView.swift in Sources */,
				5B310398242CF5DD0019446D /* UIStackView+removeAll.swift in Sources */,
				5B31038B242CE2000019446D /* DayTableViewCell.swift in Sources */,
				5B310387242CDD100019446D /* Date+Helpers.swift in Sources */,
				5B310377242CDBF30019446D /* MainViewController.swift in Sources */,
				5B310375242CDBF30019446D /* AppDelegate.swift in Sources */,
				5B310393242CEF4C0019446D /* DetailTableViewController.swift in Sources */,
				5BCD6862242D1CF3003E5B93 /* SettingsViewController.swift in Sources */,
				5BE98C14242D06C0009ABBC8 /* MealViewController.swift in Sources */,
				5B310384242CDCC70019446D /* MensaXML.swift in Sources */,
				5B310385242CDCD10019446D /* Data.swift in Sources */,
			);
			runOnlyForDeploymentPostprocessing = 0;
		};
		5B458ADA235A3D7D0027CAE1 /* Sources */ = {
			isa = PBXSourcesBuildPhase;
			buildActionMask = 2147483647;
			files = (
				5B27727A235D0B2900E3894B /* DetailTableViewController+TableView.swift in Sources */,
				5BE3438A24DAB89900A6524B /* SettingsMensaLocationTableViewController.swift in Sources */,
				5B09BB34237058B0004E1981 /* TipJar+Transaction.swift in Sources */,
				5B18702F235A403E00EF54DF /* MainTableViewController.swift in Sources */,
				5B09BB4123705A37004E1981 /* Bundle+Icon.swift in Sources */,
				5BE3438E24DADB8600A6524B /* MainTableViewController+NSToolbar.swift in Sources */,
				5B06EFA22382CC5C0020FF0E /* MensaDatabase.swift in Sources */,
				5B09BB4723705A59004E1981 /* BorderedButton.swift in Sources */,
				5BBEA09524033759005790E9 /* DayTableViewCell.swift in Sources */,
				5BEA0A33235DC0D0003E3616 /* SettingsTableViewController+TableView.swift in Sources */,
				5B5C8EBC235E5E7700C29E62 /* SettingsTableViewController+SendSupportMail.swift in Sources */,
				5B06EFA42382CC6C0020FF0E /* HistoryItem.swift in Sources */,
				5BC7628B237C4F260062CDD3 /* MealTableViewCell.swift in Sources */,
				5B74FBEB2507F7E80084BF9A /* TipTableViewCell.swift in Sources */,
				5B74FBED25080AB10084BF9A /* SettingsManager.swift in Sources */,
				5B5C8EBE235E5EDF00C29E62 /* UIViewController+SafariActions.swift in Sources */,
				5BA2CCB32405503900CF6954 /* WatchMessage.swift in Sources */,
				5B0AE9C123887786005C22A7 /* ImageViewCell.swift in Sources */,
				5B06EFA82382CF000020FF0E /* Double+Rounding.swift in Sources */,
				5B277278235D0B1900E3894B /* DetailTableViewController.swift in Sources */,
				5BEA0A35235DCA55003E3616 /* Model.swift in Sources */,
				5B09BB35237058B0004E1981 /* TipJar+TableView.swift in Sources */,
				5B06EFA62382CCA10020FF0E /* MainTableViewController+NFC.swift in Sources */,
				5B629D18238A846400E39C8D /* UIStackView+removeAll.swift in Sources */,
				5BEA0A31235DC0BA003E3616 /* SettingsTableViewController.swift in Sources */,
				5BC76291237C65950062CDD3 /* TopAlignedLabel.swift in Sources */,
				5BC76293237C67E40062CDD3 /* MealTableViewController.swift in Sources */,
				5B06EFAA2382CF170020FF0E /* Data+HexEnconding.swift in Sources */,
				5B09BB33237058B0004E1981 /* TipJarTableViewController.swift in Sources */,
				5B09BB4023705A37004E1981 /* UserDefaults+Helper.swift in Sources */,
				5BC2298D23FCA22300C71FC4 /* MensaContainer.swift in Sources */,
				5B09BB3F23705A37004E1981 /* UIView+Effects.swift in Sources */,
				5B342F012406E1D300718C95 /* MensaXML.swift in Sources */,
				5B458AE2235A3D7D0027CAE1 /* AppDelegate.swift in Sources */,
				5B5C8EC3235F2DA500C29E62 /* UIImageView+Download.swift in Sources */,
				5B09BB4323705A37004E1981 /* SKProduct+LocalizedPrice.swift in Sources */,
				5B187034235A40E200EF54DF /* MainTableViewController+TableView.swift in Sources */,
				5B277275235D033500E3894B /* Data.swift in Sources */,
				5B09BB4423705A37004E1981 /* Date+Helpers.swift in Sources */,
			);
			runOnlyForDeploymentPostprocessing = 0;
		};
		5B5ADD7C2407FD3E00F22C44 /* Sources */ = {
			isa = PBXSourcesBuildPhase;
			buildActionMask = 2147483647;
			files = (
				5B5ADDA32407FD7C00F22C44 /* MainInterfaceController.swift in Sources */,
				5B0F4B2C2407FF5C007E934F /* Date+Helpers.swift in Sources */,
				5B0F4B292407FF36007E934F /* WatchMessage.swift in Sources */,
				5B5ADDA22407FD7C00F22C44 /* MealInterfaceController.swift in Sources */,
				5B5ADDA52407FD7C00F22C44 /* ExtensionDelegate.swift in Sources */,
				5B5ADDA72407FD7C00F22C44 /* InformationRowController.swift in Sources */,
				5B0F4B2D2407FF74007E934F /* UserDefaults+Helper.swift in Sources */,
				5B5ADDAA2407FD7C00F22C44 /* StoffRowController.swift in Sources */,
				5B5ADDA82407FD7C00F22C44 /* MealRowController.swift in Sources */,
				5B0F4B2A2407FF38007E934F /* Model.swift in Sources */,
				5B0F4B282407FF32007E934F /* Data.swift in Sources */,
				5B5ADDA92407FD7C00F22C44 /* CounterRowController.swift in Sources */,
			);
			runOnlyForDeploymentPostprocessing = 0;
		};
/* End PBXSourcesBuildPhase section */

/* Begin PBXTargetDependency section */
		5B5ADD832407FD3E00F22C44 /* PBXTargetDependency */ = {
			isa = PBXTargetDependency;
			target = 5B5ADD7F2407FD3E00F22C44 /* Watchapp Extension */;
			targetProxy = 5B5ADD822407FD3E00F22C44 /* PBXContainerItemProxy */;
		};
		5B5ADD8D2407FD3E00F22C44 /* PBXTargetDependency */ = {
			isa = PBXTargetDependency;
			platformFilter = ios;
			target = 5B5ADD732407FD3B00F22C44 /* Watchapp */;
			targetProxy = 5B5ADD8C2407FD3E00F22C44 /* PBXContainerItemProxy */;
		};
/* End PBXTargetDependency section */

/* Begin PBXVariantGroup section */
		5B06EFAF2382EE640020FF0E /* Localizable.strings */ = {
			isa = PBXVariantGroup;
			children = (
				5B06EFAE2382EE640020FF0E /* de */,
			);
			name = Localizable.strings;
			sourceTree = "<group>";
		};
		5B310378242CDBF30019446D /* Main.storyboard */ = {
			isa = PBXVariantGroup;
			children = (
				5B310379242CDBF30019446D /* Base */,
			);
			name = Main.storyboard;
			sourceTree = "<group>";
		};
		5B31037D242CDBF50019446D /* LaunchScreen.storyboard */ = {
			isa = PBXVariantGroup;
			children = (
				5B31037E242CDBF50019446D /* Base */,
			);
			name = LaunchScreen.storyboard;
			sourceTree = "<group>";
		};
		5B458AE7235A3D7D0027CAE1 /* Main.storyboard */ = {
			isa = PBXVariantGroup;
			children = (
				5B2DE9EC23608B380064E3AF /* de */,
			);
			name = Main.storyboard;
			sourceTree = "<group>";
		};
		5B458AEC235A3D7E0027CAE1 /* LaunchScreen.storyboard */ = {
			isa = PBXVariantGroup;
			children = (
				5B2DE9EB23608B380064E3AF /* de */,
			);
			name = LaunchScreen.storyboard;
			sourceTree = "<group>";
		};
/* End PBXVariantGroup section */

/* Begin XCBuildConfiguration section */
		5B310381242CDBF50019446D /* Debug */ = {
			isa = XCBuildConfiguration;
			baseConfigurationReference = 4F77E1A23D2A853A7D7BF893 /* Pods-Mensaplan TV.debug.xcconfig */;
			buildSettings = {
				ASSETCATALOG_COMPILER_APPICON_NAME = "App Icon & Top Shelf Image";
				CODE_SIGN_IDENTITY = "Apple Development";
				CODE_SIGN_STYLE = Automatic;
				CURRENT_PROJECT_VERSION = 3;
				DEVELOPMENT_TEAM = UJR28ZV94C;
				INFOPLIST_FILE = "Mensaplan TV/Info.plist";
				LD_RUNPATH_SEARCH_PATHS = (
					"$(inherited)",
					"@executable_path/Frameworks",
				);
				MARKETING_VERSION = 1.0.2;
				PRODUCT_BUNDLE_IDENTIFIER = "de.marc-hein.mensaplan";
				PRODUCT_NAME = Mensaplan;
				PROVISIONING_PROFILE_SPECIFIER = "";
				SDKROOT = appletvos;
				SWIFT_VERSION = 5.0;
				TARGETED_DEVICE_FAMILY = 3;
				TVOS_DEPLOYMENT_TARGET = 13.4;
			};
			name = Debug;
		};
		5B310382242CDBF50019446D /* Release */ = {
			isa = XCBuildConfiguration;
			baseConfigurationReference = EA8A8D0081A324820D0DC511 /* Pods-Mensaplan TV.release.xcconfig */;
			buildSettings = {
				ASSETCATALOG_COMPILER_APPICON_NAME = "App Icon & Top Shelf Image";
				CODE_SIGN_IDENTITY = "Apple Development";
				CODE_SIGN_STYLE = Automatic;
				CURRENT_PROJECT_VERSION = 3;
				DEVELOPMENT_TEAM = UJR28ZV94C;
				INFOPLIST_FILE = "Mensaplan TV/Info.plist";
				LD_RUNPATH_SEARCH_PATHS = (
					"$(inherited)",
					"@executable_path/Frameworks",
				);
				MARKETING_VERSION = 1.0.2;
				PRODUCT_BUNDLE_IDENTIFIER = "de.marc-hein.mensaplan";
				PRODUCT_NAME = Mensaplan;
				PROVISIONING_PROFILE_SPECIFIER = "";
				SDKROOT = appletvos;
				SWIFT_VERSION = 5.0;
				TARGETED_DEVICE_FAMILY = 3;
				TVOS_DEPLOYMENT_TARGET = 13.4;
			};
			name = Release;
		};
		5B458AFB235A3D7E0027CAE1 /* Debug */ = {
			isa = XCBuildConfiguration;
			buildSettings = {
				ALWAYS_SEARCH_USER_PATHS = NO;
				CLANG_ANALYZER_LOCALIZABILITY_NONLOCALIZED = YES;
				CLANG_ANALYZER_NONNULL = YES;
				CLANG_ANALYZER_NUMBER_OBJECT_CONVERSION = YES_AGGRESSIVE;
				CLANG_CXX_LANGUAGE_STANDARD = "gnu++14";
				CLANG_CXX_LIBRARY = "libc++";
				CLANG_ENABLE_MODULES = YES;
				CLANG_ENABLE_OBJC_ARC = YES;
				CLANG_ENABLE_OBJC_WEAK = YES;
				CLANG_WARN_BLOCK_CAPTURE_AUTORELEASING = YES;
				CLANG_WARN_BOOL_CONVERSION = YES;
				CLANG_WARN_COMMA = YES;
				CLANG_WARN_CONSTANT_CONVERSION = YES;
				CLANG_WARN_DEPRECATED_OBJC_IMPLEMENTATIONS = YES;
				CLANG_WARN_DIRECT_OBJC_ISA_USAGE = YES_ERROR;
				CLANG_WARN_DOCUMENTATION_COMMENTS = YES;
				CLANG_WARN_EMPTY_BODY = YES;
				CLANG_WARN_ENUM_CONVERSION = YES;
				CLANG_WARN_INFINITE_RECURSION = YES;
				CLANG_WARN_INT_CONVERSION = YES;
				CLANG_WARN_NON_LITERAL_NULL_CONVERSION = YES;
				CLANG_WARN_OBJC_IMPLICIT_RETAIN_SELF = YES;
				CLANG_WARN_OBJC_LITERAL_CONVERSION = YES;
				CLANG_WARN_OBJC_ROOT_CLASS = YES_ERROR;
				CLANG_WARN_RANGE_LOOP_ANALYSIS = YES;
				CLANG_WARN_STRICT_PROTOTYPES = YES;
				CLANG_WARN_SUSPICIOUS_MOVE = YES;
				CLANG_WARN_UNGUARDED_AVAILABILITY = YES_AGGRESSIVE;
				CLANG_WARN_UNREACHABLE_CODE = YES;
				CLANG_WARN__DUPLICATE_METHOD_MATCH = YES;
				COPY_PHASE_STRIP = NO;
				DEBUG_INFORMATION_FORMAT = dwarf;
				ENABLE_STRICT_OBJC_MSGSEND = YES;
				ENABLE_TESTABILITY = YES;
				GCC_C_LANGUAGE_STANDARD = gnu11;
				GCC_DYNAMIC_NO_PIC = NO;
				GCC_NO_COMMON_BLOCKS = YES;
				GCC_OPTIMIZATION_LEVEL = 0;
				GCC_PREPROCESSOR_DEFINITIONS = (
					"DEBUG=1",
					"$(inherited)",
				);
				GCC_WARN_64_TO_32_BIT_CONVERSION = YES;
				GCC_WARN_ABOUT_RETURN_TYPE = YES_ERROR;
				GCC_WARN_UNDECLARED_SELECTOR = YES;
				GCC_WARN_UNINITIALIZED_AUTOS = YES_AGGRESSIVE;
				GCC_WARN_UNUSED_FUNCTION = YES;
				GCC_WARN_UNUSED_VARIABLE = YES;
				IPHONEOS_DEPLOYMENT_TARGET = 11.0;
				MTL_ENABLE_DEBUG_INFO = INCLUDE_SOURCE;
				MTL_FAST_MATH = YES;
				ONLY_ACTIVE_ARCH = YES;
				SDKROOT = iphoneos;
				SWIFT_ACTIVE_COMPILATION_CONDITIONS = DEBUG;
				SWIFT_OPTIMIZATION_LEVEL = "-Onone";
			};
			name = Debug;
		};
		5B458AFC235A3D7E0027CAE1 /* Release */ = {
			isa = XCBuildConfiguration;
			buildSettings = {
				ALWAYS_SEARCH_USER_PATHS = NO;
				CLANG_ANALYZER_LOCALIZABILITY_NONLOCALIZED = YES;
				CLANG_ANALYZER_NONNULL = YES;
				CLANG_ANALYZER_NUMBER_OBJECT_CONVERSION = YES_AGGRESSIVE;
				CLANG_CXX_LANGUAGE_STANDARD = "gnu++14";
				CLANG_CXX_LIBRARY = "libc++";
				CLANG_ENABLE_MODULES = YES;
				CLANG_ENABLE_OBJC_ARC = YES;
				CLANG_ENABLE_OBJC_WEAK = YES;
				CLANG_WARN_BLOCK_CAPTURE_AUTORELEASING = YES;
				CLANG_WARN_BOOL_CONVERSION = YES;
				CLANG_WARN_COMMA = YES;
				CLANG_WARN_CONSTANT_CONVERSION = YES;
				CLANG_WARN_DEPRECATED_OBJC_IMPLEMENTATIONS = YES;
				CLANG_WARN_DIRECT_OBJC_ISA_USAGE = YES_ERROR;
				CLANG_WARN_DOCUMENTATION_COMMENTS = YES;
				CLANG_WARN_EMPTY_BODY = YES;
				CLANG_WARN_ENUM_CONVERSION = YES;
				CLANG_WARN_INFINITE_RECURSION = YES;
				CLANG_WARN_INT_CONVERSION = YES;
				CLANG_WARN_NON_LITERAL_NULL_CONVERSION = YES;
				CLANG_WARN_OBJC_IMPLICIT_RETAIN_SELF = YES;
				CLANG_WARN_OBJC_LITERAL_CONVERSION = YES;
				CLANG_WARN_OBJC_ROOT_CLASS = YES_ERROR;
				CLANG_WARN_RANGE_LOOP_ANALYSIS = YES;
				CLANG_WARN_STRICT_PROTOTYPES = YES;
				CLANG_WARN_SUSPICIOUS_MOVE = YES;
				CLANG_WARN_UNGUARDED_AVAILABILITY = YES_AGGRESSIVE;
				CLANG_WARN_UNREACHABLE_CODE = YES;
				CLANG_WARN__DUPLICATE_METHOD_MATCH = YES;
				COPY_PHASE_STRIP = NO;
				DEBUG_INFORMATION_FORMAT = "dwarf-with-dsym";
				ENABLE_NS_ASSERTIONS = NO;
				ENABLE_STRICT_OBJC_MSGSEND = YES;
				GCC_C_LANGUAGE_STANDARD = gnu11;
				GCC_NO_COMMON_BLOCKS = YES;
				GCC_WARN_64_TO_32_BIT_CONVERSION = YES;
				GCC_WARN_ABOUT_RETURN_TYPE = YES_ERROR;
				GCC_WARN_UNDECLARED_SELECTOR = YES;
				GCC_WARN_UNINITIALIZED_AUTOS = YES_AGGRESSIVE;
				GCC_WARN_UNUSED_FUNCTION = YES;
				GCC_WARN_UNUSED_VARIABLE = YES;
				IPHONEOS_DEPLOYMENT_TARGET = 11.0;
				MTL_ENABLE_DEBUG_INFO = NO;
				MTL_FAST_MATH = YES;
				SDKROOT = iphoneos;
				SWIFT_COMPILATION_MODE = wholemodule;
				SWIFT_OPTIMIZATION_LEVEL = "-O";
				VALIDATE_PRODUCT = YES;
			};
			name = Release;
		};
		5B458AFE235A3D7E0027CAE1 /* Debug */ = {
			isa = XCBuildConfiguration;
			baseConfigurationReference = CDEF82407B12875AC2C1E7A9 /* Pods-Mensaplan.debug.xcconfig */;
			buildSettings = {
				ASSETCATALOG_COMPILER_APPICON_NAME = AppIcon;
				CODE_SIGN_ENTITLEMENTS = Mensaplan/Mensaplan.entitlements;
				CODE_SIGN_IDENTITY = "Apple Development";
				"CODE_SIGN_IDENTITY[sdk=macosx*]" = "Apple Development";
				CODE_SIGN_STYLE = Automatic;
				CURRENT_PROJECT_VERSION = 36;
				DERIVE_MACCATALYST_PRODUCT_BUNDLE_IDENTIFIER = NO;
				DEVELOPMENT_TEAM = UJR28ZV94C;
				INFOPLIST_FILE = Mensaplan/Info.plist;
				LD_RUNPATH_SEARCH_PATHS = (
					"$(inherited)",
					"@executable_path/Frameworks",
				);
				MARKETING_VERSION = 1.5.1;
				PRODUCT_BUNDLE_IDENTIFIER = "de.marc-hein.mensaplan";
				PRODUCT_NAME = "$(TARGET_NAME)";
				PROVISIONING_PROFILE_SPECIFIER = "";
				"PROVISIONING_PROFILE_SPECIFIER[sdk=macosx*]" = "";
				SUPPORTS_MACCATALYST = YES;
				SWIFT_VERSION = 5.0;
				TARGETED_DEVICE_FAMILY = "1,2";
			};
			name = Debug;
		};
		5B458AFF235A3D7E0027CAE1 /* Release */ = {
			isa = XCBuildConfiguration;
			baseConfigurationReference = 728E44357E786E633B0A46F0 /* Pods-Mensaplan.release.xcconfig */;
			buildSettings = {
				ASSETCATALOG_COMPILER_APPICON_NAME = AppIcon;
				CODE_SIGN_ENTITLEMENTS = Mensaplan/Mensaplan.entitlements;
				CODE_SIGN_IDENTITY = "Apple Development";
				"CODE_SIGN_IDENTITY[sdk=macosx*]" = "Apple Development";
				CODE_SIGN_STYLE = Automatic;
				CURRENT_PROJECT_VERSION = 36;
				DERIVE_MACCATALYST_PRODUCT_BUNDLE_IDENTIFIER = NO;
				DEVELOPMENT_TEAM = UJR28ZV94C;
				INFOPLIST_FILE = Mensaplan/Info.plist;
				LD_RUNPATH_SEARCH_PATHS = (
					"$(inherited)",
					"@executable_path/Frameworks",
				);
				MARKETING_VERSION = 1.5.1;
				PRODUCT_BUNDLE_IDENTIFIER = "de.marc-hein.mensaplan";
				PRODUCT_NAME = "$(TARGET_NAME)";
				PROVISIONING_PROFILE_SPECIFIER = "";
				"PROVISIONING_PROFILE_SPECIFIER[sdk=macosx*]" = "";
				SUPPORTS_MACCATALYST = YES;
				SWIFT_VERSION = 5.0;
				TARGETED_DEVICE_FAMILY = "1,2";
			};
			name = Release;
		};
		5B5ADD8F2407FD3E00F22C44 /* Debug */ = {
			isa = XCBuildConfiguration;
			buildSettings = {
				ALWAYS_EMBED_SWIFT_STANDARD_LIBRARIES = NO;
				ASSETCATALOG_COMPILER_APPICON_NAME = AppIcon;
				CODE_SIGN_IDENTITY = "Apple Development";
				"CODE_SIGN_IDENTITY[sdk=macosx*]" = "Apple Development";
				CODE_SIGN_STYLE = Automatic;
				CURRENT_PROJECT_VERSION = 36;
				DEVELOPMENT_TEAM = UJR28ZV94C;
				IBSC_MODULE = Watchapp_Extension;
				INFOPLIST_FILE = Watchapp/Info.plist;
				MARKETING_VERSION = 1.5.1;
				PRODUCT_BUNDLE_IDENTIFIER = "de.marc-hein.mensaplan.watchkitapp";
				PRODUCT_NAME = "$(TARGET_NAME)";
				SDKROOT = watchos;
				SKIP_INSTALL = YES;
				SWIFT_VERSION = 5.0;
				TARGETED_DEVICE_FAMILY = 4;
				WATCHOS_DEPLOYMENT_TARGET = 5.0;
			};
			name = Debug;
		};
		5B5ADD902407FD3E00F22C44 /* Release */ = {
			isa = XCBuildConfiguration;
			buildSettings = {
				ALWAYS_EMBED_SWIFT_STANDARD_LIBRARIES = NO;
				ASSETCATALOG_COMPILER_APPICON_NAME = AppIcon;
				CODE_SIGN_IDENTITY = "Apple Development";
				"CODE_SIGN_IDENTITY[sdk=macosx*]" = "Apple Development";
				CODE_SIGN_STYLE = Automatic;
				CURRENT_PROJECT_VERSION = 36;
				DEVELOPMENT_TEAM = UJR28ZV94C;
				IBSC_MODULE = Watchapp_Extension;
				INFOPLIST_FILE = Watchapp/Info.plist;
				MARKETING_VERSION = 1.5.1;
				PRODUCT_BUNDLE_IDENTIFIER = "de.marc-hein.mensaplan.watchkitapp";
				PRODUCT_NAME = "$(TARGET_NAME)";
				SDKROOT = watchos;
				SKIP_INSTALL = YES;
				SWIFT_VERSION = 5.0;
				TARGETED_DEVICE_FAMILY = 4;
				WATCHOS_DEPLOYMENT_TARGET = 5.0;
			};
			name = Release;
		};
		5B5ADD922407FD3E00F22C44 /* Debug */ = {
			isa = XCBuildConfiguration;
			baseConfigurationReference = F8909D12C83F3919AAAD2686 /* Pods-Watchapp Extension.debug.xcconfig */;
			buildSettings = {
				ASSETCATALOG_COMPILER_COMPLICATION_NAME = Complication;
				CLANG_ENABLE_MODULES = YES;
				CODE_SIGN_STYLE = Automatic;
				CURRENT_PROJECT_VERSION = 36;
				DEVELOPMENT_TEAM = UJR28ZV94C;
				INFOPLIST_FILE = "Watchapp Extension/Info.plist";
				LD_RUNPATH_SEARCH_PATHS = (
					"$(inherited)",
					"@executable_path/Frameworks",
					"@executable_path/../../Frameworks",
				);
				MARKETING_VERSION = 1.5.1;
				PRODUCT_BUNDLE_IDENTIFIER = "de.marc-hein.mensaplan.watchkitapp.watchkitextension";
				PRODUCT_NAME = "${TARGET_NAME}";
				SDKROOT = watchos;
				SKIP_INSTALL = YES;
				SWIFT_OPTIMIZATION_LEVEL = "-Onone";
				SWIFT_VERSION = 5.0;
				TARGETED_DEVICE_FAMILY = 4;
				WATCHOS_DEPLOYMENT_TARGET = 5.0;
			};
			name = Debug;
		};
		5B5ADD932407FD3E00F22C44 /* Release */ = {
			isa = XCBuildConfiguration;
			baseConfigurationReference = 8775A4F28EE1DB8423314597 /* Pods-Watchapp Extension.release.xcconfig */;
			buildSettings = {
				ASSETCATALOG_COMPILER_COMPLICATION_NAME = Complication;
				CLANG_ENABLE_MODULES = YES;
				CODE_SIGN_STYLE = Automatic;
				CURRENT_PROJECT_VERSION = 36;
				DEVELOPMENT_TEAM = UJR28ZV94C;
				INFOPLIST_FILE = "Watchapp Extension/Info.plist";
				LD_RUNPATH_SEARCH_PATHS = (
					"$(inherited)",
					"@executable_path/Frameworks",
					"@executable_path/../../Frameworks",
				);
				MARKETING_VERSION = 1.5.1;
				PRODUCT_BUNDLE_IDENTIFIER = "de.marc-hein.mensaplan.watchkitapp.watchkitextension";
				PRODUCT_NAME = "${TARGET_NAME}";
				SDKROOT = watchos;
				SKIP_INSTALL = YES;
				SWIFT_VERSION = 5.0;
				TARGETED_DEVICE_FAMILY = 4;
				WATCHOS_DEPLOYMENT_TARGET = 5.0;
			};
			name = Release;
		};
/* End XCBuildConfiguration section */

/* Begin XCConfigurationList section */
		5B310383242CDBF50019446D /* Build configuration list for PBXNativeTarget "Mensaplan TV" */ = {
			isa = XCConfigurationList;
			buildConfigurations = (
				5B310381242CDBF50019446D /* Debug */,
				5B310382242CDBF50019446D /* Release */,
			);
			defaultConfigurationIsVisible = 0;
			defaultConfigurationName = Release;
		};
		5B458AD9235A3D7D0027CAE1 /* Build configuration list for PBXProject "Mensaplan" */ = {
			isa = XCConfigurationList;
			buildConfigurations = (
				5B458AFB235A3D7E0027CAE1 /* Debug */,
				5B458AFC235A3D7E0027CAE1 /* Release */,
			);
			defaultConfigurationIsVisible = 0;
			defaultConfigurationName = Release;
		};
		5B458AFD235A3D7E0027CAE1 /* Build configuration list for PBXNativeTarget "Mensaplan" */ = {
			isa = XCConfigurationList;
			buildConfigurations = (
				5B458AFE235A3D7E0027CAE1 /* Debug */,
				5B458AFF235A3D7E0027CAE1 /* Release */,
			);
			defaultConfigurationIsVisible = 0;
			defaultConfigurationName = Release;
		};
		5B5ADD942407FD3E00F22C44 /* Build configuration list for PBXNativeTarget "Watchapp Extension" */ = {
			isa = XCConfigurationList;
			buildConfigurations = (
				5B5ADD922407FD3E00F22C44 /* Debug */,
				5B5ADD932407FD3E00F22C44 /* Release */,
			);
			defaultConfigurationIsVisible = 0;
			defaultConfigurationName = Release;
		};
		5B5ADD952407FD3E00F22C44 /* Build configuration list for PBXNativeTarget "Watchapp" */ = {
			isa = XCConfigurationList;
			buildConfigurations = (
				5B5ADD8F2407FD3E00F22C44 /* Debug */,
				5B5ADD902407FD3E00F22C44 /* Release */,
			);
			defaultConfigurationIsVisible = 0;
			defaultConfigurationName = Release;
		};
/* End XCConfigurationList section */

/* Begin XCRemoteSwiftPackageReference section */
		5B74FBE72507F78F0084BF9A /* XCRemoteSwiftPackageReference "HeinHelpers" */ = {
			isa = XCRemoteSwiftPackageReference;
			repositoryURL = "https://github.com/marchein/HeinHelpers.git";
			requirement = {
				kind = upToNextMajorVersion;
				minimumVersion = 1.0.0;
			};
		};
/* End XCRemoteSwiftPackageReference section */

/* Begin XCSwiftPackageProductDependency section */
		5B74FBE82507F78F0084BF9A /* HeinHelpers */ = {
			isa = XCSwiftPackageProductDependency;
			package = 5B74FBE72507F78F0084BF9A /* XCRemoteSwiftPackageReference "HeinHelpers" */;
			productName = HeinHelpers;
		};
/* End XCSwiftPackageProductDependency section */
	};
	rootObject = 5B458AD6235A3D7D0027CAE1 /* Project object */;
}
